<?xml version="1.0" encoding="UTF-8"?>
<!DOCTYPE plist PUBLIC "-//Apple//DTD PLIST 1.0//EN" "http://www.apple.com/DTDs/PropertyList-1.0.dtd">
<plist version="1.0">
<dict>
	<key>archiveVersion</key>
	<string>1</string>
	<key>classes</key>
	<dict/>
	<key>objectVersion</key>
	<string>46</string>
	<key>objects</key>
	<dict>
		<key>423844F81697BF3E00C731C8</key>
		<dict>
			<key>children</key>
			<array>
				<string>423845421697C02400C731C8</string>
				<string>4238450D1697BF3E00C731C8</string>
				<string>423845311697BF3F00C731C8</string>
				<string>423845061697BF3E00C731C8</string>
				<string>423845041697BF3E00C731C8</string>
			</array>
			<key>isa</key>
			<string>PBXGroup</string>
			<key>sourceTree</key>
			<string>&lt;group&gt;</string>
		</dict>
		<key>423844FA1697BF3E00C731C8</key>
		<dict>
			<key>attributes</key>
			<dict>
				<key>CLASSPREFIX</key>
				<string>LDT</string>
				<key>LastUpgradeCheck</key>
				<string>0450</string>
				<key>ORGANIZATIONNAME</key>
				<string>LeanDog</string>
			</dict>
			<key>buildConfigurationList</key>
			<string>423844FD1697BF3E00C731C8</string>
			<key>compatibilityVersion</key>
			<string>Xcode 3.2</string>
			<key>developmentRegion</key>
			<string>English</string>
			<key>hasScannedForEncodings</key>
			<string>0</string>
			<key>isa</key>
			<string>PBXProject</string>
			<key>knownRegions</key>
			<array>
				<string>en</string>
			</array>
			<key>mainGroup</key>
			<string>423844F81697BF3E00C731C8</string>
			<key>productRefGroup</key>
			<string>423845041697BF3E00C731C8</string>
			<key>projectDirPath</key>
			<string></string>
			<key>projectReferences</key>
			<array/>
			<key>projectRoot</key>
			<string></string>
			<key>targets</key>
			<array>
				<string>423845021697BF3E00C731C8</string>
				<string>423845291697BF3F00C731C8</string>
			</array>
		</dict>
		<key>423844FD1697BF3E00C731C8</key>
		<dict>
			<key>buildConfigurations</key>
			<array>
				<string>4238453A1697BF3F00C731C8</string>
				<string>4238453B1697BF3F00C731C8</string>
			</array>
			<key>defaultConfigurationIsVisible</key>
			<string>0</string>
			<key>defaultConfigurationName</key>
			<string>Release</string>
			<key>isa</key>
			<string>XCConfigurationList</string>
		</dict>
		<key>423844FF1697BF3E00C731C8</key>
		<dict>
			<key>buildActionMask</key>
			<string>2147483647</string>
			<key>files</key>
			<array>
				<string>423845141697BF3E00C731C8</string>
				<string>423845181697BF3E00C731C8</string>
				<string>4238462C1697C4B800C731C8</string>
				<string>423846311697C58600C731C8</string>
				<string>423846391697C77300C731C8</string>
			</array>
			<key>isa</key>
			<string>PBXSourcesBuildPhase</string>
			<key>runOnlyForDeploymentPostprocessing</key>
			<string>0</string>
		</dict>
		<key>423845001697BF3E00C731C8</key>
		<dict>
			<key>buildActionMask</key>
			<string>2147483647</string>
			<key>files</key>
			<array>
				<string>423845081697BF3E00C731C8</string>
				<string>4238450A1697BF3E00C731C8</string>
				<string>4238450C1697BF3E00C731C8</string>
			</array>
			<key>isa</key>
			<string>PBXFrameworksBuildPhase</string>
			<key>runOnlyForDeploymentPostprocessing</key>
			<string>0</string>
		</dict>
		<key>423845011697BF3E00C731C8</key>
		<dict>
			<key>buildActionMask</key>
			<string>2147483647</string>
			<key>files</key>
			<array>
				<string>423845121697BF3E00C731C8</string>
				<string>423845601697C09100C731C8</string>
				<string>423845611697C09100C731C8</string>
				<string>423845621697C09100C731C8</string>
				<string>423845631697C09100C731C8</string>
				<string>423845641697C09100C731C8</string>
				<string>423845651697C09100C731C8</string>
				<string>423845661697C09100C731C8</string>
				<string>423845671697C09100C731C8</string>
				<string>423845681697C09100C731C8</string>
				<string>423845691697C09100C731C8</string>
				<string>4238456A1697C09100C731C8</string>
				<string>4238456B1697C09100C731C8</string>
				<string>4238456C1697C09100C731C8</string>
				<string>4238456D1697C09100C731C8</string>
				<string>4238456E1697C09100C731C8</string>
				<string>4238456F1697C09100C731C8</string>
				<string>423845701697C09100C731C8</string>
				<string>423845711697C09100C731C8</string>
				<string>423845721697C09100C731C8</string>
				<string>423845731697C09100C731C8</string>
				<string>423845741697C09100C731C8</string>
				<string>423845751697C09100C731C8</string>
				<string>423845761697C09100C731C8</string>
				<string>423845771697C09100C731C8</string>
				<string>4238458D1697C0C400C731C8</string>
				<string>4238458E1697C0C400C731C8</string>
				<string>4238458F1697C0C400C731C8</string>
				<string>423845901697C0C400C731C8</string>
				<string>423845911697C0C400C731C8</string>
				<string>423845921697C0C400C731C8</string>
				<string>423845931697C0C400C731C8</string>
				<string>423845941697C0C400C731C8</string>
				<string>423845951697C0C400C731C8</string>
				<string>423845961697C0C400C731C8</string>
				<string>423845971697C0C400C731C8</string>
				<string>423845981697C0C400C731C8</string>
				<string>423845991697C0C400C731C8</string>
				<string>4238459A1697C0C400C731C8</string>
				<string>4238459B1697C0C400C731C8</string>
				<string>4238459C1697C0C400C731C8</string>
				<string>4238459D1697C0C400C731C8</string>
				<string>4238459E1697C0C400C731C8</string>
				<string>4238459F1697C0C400C731C8</string>
				<string>423845A01697C0C400C731C8</string>
				<string>423845A11697C0C400C731C8</string>
				<string>423845A61697C11F00C731C8</string>
				<string>423845A71697C11F00C731C8</string>
				<string>423845A81697C11F00C731C8</string>
				<string>423845A91697C11F00C731C8</string>
				<string>423845BC1697C13300C731C8</string>
				<string>423845BD1697C13300C731C8</string>
				<string>423845BE1697C13300C731C8</string>
				<string>423845BF1697C13300C731C8</string>
				<string>423845C01697C13300C731C8</string>
				<string>423845C11697C13300C731C8</string>
				<string>423845C21697C13300C731C8</string>
				<string>423845C31697C13300C731C8</string>
				<string>423845C41697C13300C731C8</string>
				<string>423845C51697C13300C731C8</string>
				<string>423845C61697C13300C731C8</string>
				<string>423845C71697C13300C731C8</string>
				<string>423845C81697C13300C731C8</string>
				<string>423845C91697C13300C731C8</string>
				<string>423845CA1697C13300C731C8</string>
				<string>423845CB1697C13300C731C8</string>
				<string>423845CC1697C13300C731C8</string>
				<string>423845CD1697C13300C731C8</string>
				<string>423845E91697C14F00C731C8</string>
				<string>423845EA1697C14F00C731C8</string>
				<string>423845EB1697C14F00C731C8</string>
				<string>423845EC1697C14F00C731C8</string>
				<string>423845ED1697C14F00C731C8</string>
				<string>423845EE1697C14F00C731C8</string>
				<string>423845EF1697C14F00C731C8</string>
				<string>423845F01697C14F00C731C8</string>
				<string>423845F11697C14F00C731C8</string>
				<string>423845F21697C14F00C731C8</string>
				<string>423845F31697C14F00C731C8</string>
				<string>423845F41697C14F00C731C8</string>
				<string>423845F51697C14F00C731C8</string>
				<string>423845F61697C14F00C731C8</string>
				<string>423845F71697C14F00C731C8</string>
				<string>423845F81697C14F00C731C8</string>
				<string>423845F91697C14F00C731C8</string>
				<string>423845FA1697C14F00C731C8</string>
				<string>423845FB1697C14F00C731C8</string>
				<string>423845FC1697C14F00C731C8</string>
				<string>423845FD1697C14F00C731C8</string>
				<string>423845FE1697C14F00C731C8</string>
				<string>423845FF1697C14F00C731C8</string>
				<string>423846001697C14F00C731C8</string>
				<string>423846011697C14F00C731C8</string>
				<string>423846021697C14F00C731C8</string>
				<string>423846031697C14F00C731C8</string>
				<string>4238460B1697C18800C731C8</string>
				<string>4238460D1697C19500C731C8</string>
				<string>423846161697C28C00C731C8</string>
				<string>423846171697C28C00C731C8</string>
				<string>423846181697C28C00C731C8</string>
				<string>423846211697C3F200C731C8</string>
				<string>423846231697C3F600C731C8</string>
				<string>423846251697C3FB00C731C8</string>
				<string>423846341697C68800C731C8</string>
				<string>4238463B1697C77300C731C8</string>
			</array>
			<key>isa</key>
			<string>PBXResourcesBuildPhase</string>
			<key>runOnlyForDeploymentPostprocessing</key>
			<string>0</string>
		</dict>
		<key>423845021697BF3E00C731C8</key>
		<dict>
			<key>buildConfigurationList</key>
			<string>4238453C1697BF3F00C731C8</string>
			<key>buildPhases</key>
			<array>
				<string>423844FF1697BF3E00C731C8</string>
				<string>423845001697BF3E00C731C8</string>
				<string>423845011697BF3E00C731C8</string>
			</array>
			<key>buildRules</key>
			<array/>
			<key>dependencies</key>
			<array/>
			<key>isa</key>
			<string>PBXNativeTarget</string>
			<key>name</key>
			<string>LeanDogTools</string>
			<key>productName</key>
			<string>LeanDogTools</string>
			<key>productReference</key>
			<string>423845031697BF3E00C731C8</string>
			<key>productType</key>
			<string>com.apple.product-type.application</string>
		</dict>
		<key>423845031697BF3E00C731C8</key>
		<dict>
			<key>explicitFileType</key>
			<string>wrapper.application</string>
			<key>includeInIndex</key>
			<string>0</string>
			<key>isa</key>
			<string>PBXFileReference</string>
			<key>path</key>
			<string>LeanDogTools.app</string>
			<key>sourceTree</key>
			<string>BUILT_PRODUCTS_DIR</string>
		</dict>
		<key>423845041697BF3E00C731C8</key>
		<dict>
			<key>children</key>
			<array>
				<string>423845031697BF3E00C731C8</string>
				<string>4238452A1697BF3F00C731C8</string>
			</array>
			<key>isa</key>
			<string>PBXGroup</string>
			<key>name</key>
			<string>Products</string>
			<key>sourceTree</key>
			<string>&lt;group&gt;</string>
		</dict>
		<key>423845061697BF3E00C731C8</key>
		<dict>
			<key>children</key>
			<array>
				<string>423845071697BF3E00C731C8</string>
				<string>423845091697BF3E00C731C8</string>
				<string>4238450B1697BF3E00C731C8</string>
				<string>4238452B1697BF3F00C731C8</string>
			</array>
			<key>isa</key>
			<string>PBXGroup</string>
			<key>name</key>
			<string>Frameworks</string>
			<key>sourceTree</key>
			<string>&lt;group&gt;</string>
		</dict>
		<key>423845071697BF3E00C731C8</key>
		<dict>
			<key>isa</key>
			<string>PBXFileReference</string>
			<key>lastKnownFileType</key>
			<string>wrapper.framework</string>
			<key>name</key>
			<string>UIKit.framework</string>
			<key>path</key>
			<string>System/Library/Frameworks/UIKit.framework</string>
			<key>sourceTree</key>
			<string>SDKROOT</string>
		</dict>
		<key>423845081697BF3E00C731C8</key>
		<dict>
			<key>fileRef</key>
			<string>423845071697BF3E00C731C8</string>
			<key>isa</key>
			<string>PBXBuildFile</string>
		</dict>
		<key>423845091697BF3E00C731C8</key>
		<dict>
			<key>isa</key>
			<string>PBXFileReference</string>
			<key>lastKnownFileType</key>
			<string>wrapper.framework</string>
			<key>name</key>
			<string>Foundation.framework</string>
			<key>path</key>
			<string>System/Library/Frameworks/Foundation.framework</string>
			<key>sourceTree</key>
			<string>SDKROOT</string>
		</dict>
		<key>4238450A1697BF3E00C731C8</key>
		<dict>
			<key>fileRef</key>
			<string>423845091697BF3E00C731C8</string>
			<key>isa</key>
			<string>PBXBuildFile</string>
		</dict>
		<key>4238450B1697BF3E00C731C8</key>
		<dict>
			<key>isa</key>
			<string>PBXFileReference</string>
			<key>lastKnownFileType</key>
			<string>wrapper.framework</string>
			<key>name</key>
			<string>CoreGraphics.framework</string>
			<key>path</key>
			<string>System/Library/Frameworks/CoreGraphics.framework</string>
			<key>sourceTree</key>
			<string>SDKROOT</string>
		</dict>
		<key>4238450C1697BF3E00C731C8</key>
		<dict>
			<key>fileRef</key>
			<string>4238450B1697BF3E00C731C8</string>
			<key>isa</key>
			<string>PBXBuildFile</string>
		</dict>
		<key>4238450D1697BF3E00C731C8</key>
		<dict>
			<key>children</key>
			<array>
				<string>4238462E1697C56700C731C8</string>
				<string>4238462A1697C4B800C731C8</string>
				<string>4238462B1697C4B800C731C8</string>
				<string>423845161697BF3E00C731C8</string>
				<string>423845171697BF3E00C731C8</string>
				<string>4238450E1697BF3E00C731C8</string>
			</array>
			<key>isa</key>
			<string>PBXGroup</string>
			<key>path</key>
			<string>LeanDogTools</string>
			<key>sourceTree</key>
			<string>&lt;group&gt;</string>
		</dict>
		<key>4238450E1697BF3E00C731C8</key>
		<dict>
			<key>children</key>
			<array>
				<string>4238450F1697BF3E00C731C8</string>
				<string>423845101697BF3E00C731C8</string>
				<string>423845131697BF3E00C731C8</string>
				<string>423845151697BF3E00C731C8</string>
			</array>
			<key>isa</key>
			<string>PBXGroup</string>
			<key>name</key>
			<string>Supporting Files</string>
			<key>sourceTree</key>
			<string>&lt;group&gt;</string>
		</dict>
		<key>4238450F1697BF3E00C731C8</key>
		<dict>
			<key>isa</key>
			<string>PBXFileReference</string>
			<key>lastKnownFileType</key>
			<string>text.plist.xml</string>
			<key>path</key>
			<string>LeanDogTools-Info.plist</string>
			<key>sourceTree</key>
			<string>&lt;group&gt;</string>
		</dict>
		<key>423845101697BF3E00C731C8</key>
		<dict>
			<key>children</key>
			<array>
				<string>423845111697BF3E00C731C8</string>
			</array>
			<key>isa</key>
			<string>PBXVariantGroup</string>
			<key>name</key>
			<string>InfoPlist.strings</string>
			<key>sourceTree</key>
			<string>&lt;group&gt;</string>
		</dict>
		<key>423845111697BF3E00C731C8</key>
		<dict>
			<key>isa</key>
			<string>PBXFileReference</string>
			<key>lastKnownFileType</key>
			<string>text.plist.strings</string>
			<key>name</key>
			<string>en</string>
			<key>path</key>
			<string>en.lproj/InfoPlist.strings</string>
			<key>sourceTree</key>
			<string>&lt;group&gt;</string>
		</dict>
		<key>423845121697BF3E00C731C8</key>
		<dict>
			<key>fileRef</key>
			<string>423845101697BF3E00C731C8</string>
			<key>isa</key>
			<string>PBXBuildFile</string>
		</dict>
		<key>423845131697BF3E00C731C8</key>
		<dict>
			<key>isa</key>
			<string>PBXFileReference</string>
			<key>lastKnownFileType</key>
			<string>sourcecode.c.objc</string>
			<key>path</key>
			<string>main.m</string>
			<key>sourceTree</key>
			<string>&lt;group&gt;</string>
		</dict>
		<key>423845141697BF3E00C731C8</key>
		<dict>
			<key>fileRef</key>
			<string>423845131697BF3E00C731C8</string>
			<key>isa</key>
			<string>PBXBuildFile</string>
		</dict>
		<key>423845151697BF3E00C731C8</key>
		<dict>
			<key>isa</key>
			<string>PBXFileReference</string>
			<key>lastKnownFileType</key>
			<string>sourcecode.c.h</string>
			<key>path</key>
			<string>LeanDogTools-Prefix.pch</string>
			<key>sourceTree</key>
			<string>&lt;group&gt;</string>
		</dict>
		<key>423845161697BF3E00C731C8</key>
		<dict>
			<key>isa</key>
			<string>PBXFileReference</string>
			<key>lastKnownFileType</key>
			<string>sourcecode.c.h</string>
			<key>path</key>
			<string>LDTAppDelegate.h</string>
			<key>sourceTree</key>
			<string>&lt;group&gt;</string>
		</dict>
		<key>423845171697BF3E00C731C8</key>
		<dict>
			<key>isa</key>
			<string>PBXFileReference</string>
			<key>lastKnownFileType</key>
			<string>sourcecode.c.objc</string>
			<key>path</key>
			<string>LDTAppDelegate.m</string>
			<key>sourceTree</key>
			<string>&lt;group&gt;</string>
		</dict>
		<key>423845181697BF3E00C731C8</key>
		<dict>
			<key>fileRef</key>
			<string>423845171697BF3E00C731C8</string>
			<key>isa</key>
			<string>PBXBuildFile</string>
		</dict>
		<key>423845251697BF3F00C731C8</key>
		<dict>
			<key>buildActionMask</key>
			<string>2147483647</string>
			<key>files</key>
			<array>
				<string>423845391697BF3F00C731C8</string>
				<string>4238462D1697C4B800C731C8</string>
				<string>423846321697C58600C731C8</string>
				<string>4238463A1697C77300C731C8</string>
			</array>
			<key>isa</key>
			<string>PBXSourcesBuildPhase</string>
			<key>runOnlyForDeploymentPostprocessing</key>
			<string>0</string>
		</dict>
		<key>423845261697BF3F00C731C8</key>
		<dict>
			<key>buildActionMask</key>
			<string>2147483647</string>
			<key>files</key>
			<array>
				<string>4238452C1697BF3F00C731C8</string>
				<string>4238452D1697BF3F00C731C8</string>
				<string>4238452E1697BF3F00C731C8</string>
			</array>
			<key>isa</key>
			<string>PBXFrameworksBuildPhase</string>
			<key>runOnlyForDeploymentPostprocessing</key>
			<string>0</string>
		</dict>
		<key>423845271697BF3F00C731C8</key>
		<dict>
			<key>buildActionMask</key>
			<string>2147483647</string>
			<key>files</key>
			<array>
				<string>423845361697BF3F00C731C8</string>
				<string>423846351697C68800C731C8</string>
				<string>4238463C1697C77300C731C8</string>
			</array>
			<key>isa</key>
			<string>PBXResourcesBuildPhase</string>
			<key>runOnlyForDeploymentPostprocessing</key>
			<string>0</string>
		</dict>
		<key>423845281697BF3F00C731C8</key>
		<dict>
			<key>buildActionMask</key>
			<string>2147483647</string>
			<key>files</key>
			<array/>
			<key>inputPaths</key>
			<array/>
			<key>isa</key>
			<string>PBXShellScriptBuildPhase</string>
			<key>outputPaths</key>
			<array/>
			<key>runOnlyForDeploymentPostprocessing</key>
			<string>0</string>
			<key>shellPath</key>
			<string>/bin/sh</string>
			<key>shellScript</key>
			<string># Run the unit tests in this test bundle.
"${SYSTEM_DEVELOPER_DIR}/Tools/RunUnitTests"
</string>
		</dict>
		<key>423845291697BF3F00C731C8</key>
		<dict>
			<key>buildConfigurationList</key>
			<string>4238453F1697BF3F00C731C8</string>
			<key>buildPhases</key>
			<array>
				<string>423845251697BF3F00C731C8</string>
				<string>423845261697BF3F00C731C8</string>
				<string>423845271697BF3F00C731C8</string>
				<string>423845281697BF3F00C731C8</string>
			</array>
			<key>buildRules</key>
			<array/>
			<key>dependencies</key>
			<array>
				<string>423845301697BF3F00C731C8</string>
			</array>
			<key>isa</key>
			<string>PBXNativeTarget</string>
			<key>name</key>
			<string>LeanDogToolsTests</string>
			<key>productName</key>
			<string>LeanDogToolsTests</string>
			<key>productReference</key>
			<string>4238452A1697BF3F00C731C8</string>
			<key>productType</key>
			<string>com.apple.product-type.bundle</string>
		</dict>
		<key>4238452A1697BF3F00C731C8</key>
		<dict>
			<key>explicitFileType</key>
			<string>wrapper.cfbundle</string>
			<key>includeInIndex</key>
			<string>0</string>
			<key>isa</key>
			<string>PBXFileReference</string>
			<key>path</key>
			<string>LeanDogToolsTests.octest</string>
			<key>sourceTree</key>
			<string>BUILT_PRODUCTS_DIR</string>
		</dict>
		<key>4238452B1697BF3F00C731C8</key>
		<dict>
			<key>isa</key>
			<string>PBXFileReference</string>
			<key>lastKnownFileType</key>
			<string>wrapper.framework</string>
			<key>name</key>
			<string>SenTestingKit.framework</string>
			<key>path</key>
			<string>Library/Frameworks/SenTestingKit.framework</string>
			<key>sourceTree</key>
			<string>DEVELOPER_DIR</string>
		</dict>
		<key>4238452C1697BF3F00C731C8</key>
		<dict>
			<key>fileRef</key>
			<string>4238452B1697BF3F00C731C8</string>
			<key>isa</key>
			<string>PBXBuildFile</string>
		</dict>
		<key>4238452D1697BF3F00C731C8</key>
		<dict>
			<key>fileRef</key>
			<string>423845071697BF3E00C731C8</string>
			<key>isa</key>
			<string>PBXBuildFile</string>
		</dict>
		<key>4238452E1697BF3F00C731C8</key>
		<dict>
			<key>fileRef</key>
			<string>423845091697BF3E00C731C8</string>
			<key>isa</key>
			<string>PBXBuildFile</string>
		</dict>
		<key>4238452F1697BF3F00C731C8</key>
		<dict>
			<key>containerPortal</key>
			<string>423844FA1697BF3E00C731C8</string>
			<key>isa</key>
			<string>PBXContainerItemProxy</string>
			<key>proxyType</key>
			<string>1</string>
			<key>remoteGlobalIDString</key>
			<string>423845021697BF3E00C731C8</string>
			<key>remoteInfo</key>
			<string>LeanDogTools</string>
		</dict>
		<key>423845301697BF3F00C731C8</key>
		<dict>
			<key>isa</key>
			<string>PBXTargetDependency</string>
			<key>target</key>
			<string>423845021697BF3E00C731C8</string>
			<key>targetProxy</key>
			<string>4238452F1697BF3F00C731C8</string>
		</dict>
		<key>423845311697BF3F00C731C8</key>
		<dict>
			<key>children</key>
			<array>
				<string>423845371697BF3F00C731C8</string>
				<string>423845381697BF3F00C731C8</string>
				<string>423845321697BF3F00C731C8</string>
			</array>
			<key>isa</key>
			<string>PBXGroup</string>
			<key>path</key>
			<string>LeanDogToolsTests</string>
			<key>sourceTree</key>
			<string>&lt;group&gt;</string>
		</dict>
		<key>423845321697BF3F00C731C8</key>
		<dict>
			<key>children</key>
			<array>
				<string>423845331697BF3F00C731C8</string>
				<string>423845341697BF3F00C731C8</string>
			</array>
			<key>isa</key>
			<string>PBXGroup</string>
			<key>name</key>
			<string>Supporting Files</string>
			<key>sourceTree</key>
			<string>&lt;group&gt;</string>
		</dict>
		<key>423845331697BF3F00C731C8</key>
		<dict>
			<key>isa</key>
			<string>PBXFileReference</string>
			<key>lastKnownFileType</key>
			<string>text.plist.xml</string>
			<key>path</key>
			<string>LeanDogToolsTests-Info.plist</string>
			<key>sourceTree</key>
			<string>&lt;group&gt;</string>
		</dict>
		<key>423845341697BF3F00C731C8</key>
		<dict>
			<key>children</key>
			<array>
				<string>423845351697BF3F00C731C8</string>
			</array>
			<key>isa</key>
			<string>PBXVariantGroup</string>
			<key>name</key>
			<string>InfoPlist.strings</string>
			<key>sourceTree</key>
			<string>&lt;group&gt;</string>
		</dict>
		<key>423845351697BF3F00C731C8</key>
		<dict>
			<key>isa</key>
			<string>PBXFileReference</string>
			<key>lastKnownFileType</key>
			<string>text.plist.strings</string>
			<key>name</key>
			<string>en</string>
			<key>path</key>
			<string>en.lproj/InfoPlist.strings</string>
			<key>sourceTree</key>
			<string>&lt;group&gt;</string>
		</dict>
		<key>423845361697BF3F00C731C8</key>
		<dict>
			<key>fileRef</key>
			<string>423845341697BF3F00C731C8</string>
			<key>isa</key>
			<string>PBXBuildFile</string>
		</dict>
		<key>423845371697BF3F00C731C8</key>
		<dict>
			<key>isa</key>
			<string>PBXFileReference</string>
			<key>lastKnownFileType</key>
			<string>sourcecode.c.h</string>
			<key>path</key>
			<string>LeanDogToolsTests.h</string>
			<key>sourceTree</key>
			<string>&lt;group&gt;</string>
		</dict>
		<key>423845381697BF3F00C731C8</key>
		<dict>
			<key>isa</key>
			<string>PBXFileReference</string>
			<key>lastKnownFileType</key>
			<string>sourcecode.c.objc</string>
			<key>path</key>
			<string>LeanDogToolsTests.m</string>
			<key>sourceTree</key>
			<string>&lt;group&gt;</string>
		</dict>
		<key>423845391697BF3F00C731C8</key>
		<dict>
			<key>fileRef</key>
			<string>423845381697BF3F00C731C8</string>
			<key>isa</key>
			<string>PBXBuildFile</string>
		</dict>
		<key>4238453A1697BF3F00C731C8</key>
		<dict>
			<key>buildSettings</key>
			<dict>
				<key>ALWAYS_SEARCH_USER_PATHS</key>
				<string>NO</string>
				<key>CLANG_CXX_LANGUAGE_STANDARD</key>
				<string>gnu++0x</string>
				<key>CLANG_CXX_LIBRARY</key>
				<string>libc++</string>
				<key>CLANG_ENABLE_OBJC_ARC</key>
				<string>YES</string>
				<key>CLANG_WARN_EMPTY_BODY</key>
				<string>YES</string>
				<key>CLANG_WARN__DUPLICATE_METHOD_MATCH</key>
				<string>YES</string>
				<key>CODE_SIGN_IDENTITY</key>
				<string>iPhone Developer</string>
				<key>CODE_SIGN_IDENTITY[sdk=iphoneos*]</key>
				<string>iPhone Developer</string>
				<key>COPY_PHASE_STRIP</key>
				<string>NO</string>
				<key>GCC_C_LANGUAGE_STANDARD</key>
				<string>gnu99</string>
				<key>GCC_DYNAMIC_NO_PIC</key>
				<string>NO</string>
				<key>GCC_OPTIMIZATION_LEVEL</key>
				<string>0</string>
				<key>GCC_PREPROCESSOR_DEFINITIONS</key>
				<array>
					<string>DEBUG=1</string>
					<string>$(inherited)</string>
				</array>
				<key>GCC_SYMBOLS_PRIVATE_EXTERN</key>
				<string>NO</string>
				<key>GCC_WARN_ABOUT_RETURN_TYPE</key>
				<string>YES</string>
				<key>GCC_WARN_UNINITIALIZED_AUTOS</key>
				<string>YES</string>
				<key>GCC_WARN_UNUSED_VARIABLE</key>
				<string>YES</string>
				<key>IPHONEOS_DEPLOYMENT_TARGET</key>
				<string>5.0</string>
				<key>ONLY_ACTIVE_ARCH</key>
				<string>YES</string>
				<key>PROVISIONING_PROFILE</key>
				<string></string>
				<key>SDKROOT</key>
				<string>iphoneos</string>
			</dict>
			<key>isa</key>
			<string>XCBuildConfiguration</string>
			<key>name</key>
			<string>Debug</string>
		</dict>
		<key>4238453B1697BF3F00C731C8</key>
		<dict>
			<key>buildSettings</key>
			<dict>
				<key>ALWAYS_SEARCH_USER_PATHS</key>
				<string>NO</string>
				<key>CLANG_CXX_LANGUAGE_STANDARD</key>
				<string>gnu++0x</string>
				<key>CLANG_CXX_LIBRARY</key>
				<string>libc++</string>
				<key>CLANG_ENABLE_OBJC_ARC</key>
				<string>YES</string>
				<key>CLANG_WARN_EMPTY_BODY</key>
				<string>YES</string>
				<key>CLANG_WARN__DUPLICATE_METHOD_MATCH</key>
				<string>YES</string>
				<key>CODE_SIGN_IDENTITY</key>
				<string>iPhone Distribution: LeanDog, Inc</string>
				<key>COPY_PHASE_STRIP</key>
				<string>YES</string>
				<key>GCC_C_LANGUAGE_STANDARD</key>
				<string>gnu99</string>
				<key>GCC_WARN_ABOUT_RETURN_TYPE</key>
				<string>YES</string>
				<key>GCC_WARN_UNINITIALIZED_AUTOS</key>
				<string>YES</string>
				<key>GCC_WARN_UNUSED_VARIABLE</key>
				<string>YES</string>
				<key>IPHONEOS_DEPLOYMENT_TARGET</key>
				<string>5.0</string>
				<key>OTHER_CFLAGS</key>
				<string>-DNS_BLOCK_ASSERTIONS=1</string>
				<key>PROVISIONING_PROFILE</key>
				<string>36778336-C50D-4A80-9A22-387650BD2A2A</string>
				<key>SDKROOT</key>
				<string>iphoneos</string>
				<key>VALIDATE_PRODUCT</key>
				<string>YES</string>
			</dict>
			<key>isa</key>
			<string>XCBuildConfiguration</string>
			<key>name</key>
			<string>Release</string>
		</dict>
		<key>4238453C1697BF3F00C731C8</key>
		<dict>
			<key>buildConfigurations</key>
			<array>
				<string>4238453D1697BF3F00C731C8</string>
				<string>4238453E1697BF3F00C731C8</string>
			</array>
			<key>defaultConfigurationIsVisible</key>
			<string>0</string>
			<key>defaultConfigurationName</key>
			<string>Release</string>
			<key>isa</key>
			<string>XCConfigurationList</string>
		</dict>
		<key>4238453D1697BF3F00C731C8</key>
		<dict>
			<key>buildSettings</key>
			<dict>
				<key>GCC_PRECOMPILE_PREFIX_HEADER</key>
				<string>YES</string>
				<key>GCC_PREFIX_HEADER</key>
				<string>LeanDogTools/LeanDogTools-Prefix.pch</string>
				<key>INFOPLIST_FILE</key>
				<string>LeanDogTools/LeanDogTools-Info.plist</string>
				<key>IPHONEOS_DEPLOYMENT_TARGET</key>
				<string>5.0</string>
				<key>LIBRARY_SEARCH_PATHS</key>
				<array>
					<string>$(inherited)</string>
					<string>$(FRANK_LIBRARY_SEARCH_PATHS)</string>
				</array>
				<key>OTHER_LDFLAGS</key>
				<array>
					<string>$(inherited)</string>
					<string>$(FRANK_LDFLAGS)</string>
				</array>
				<key>PRODUCT_NAME</key>
				<string>LeanDogTools</string>
				<key>WRAPPER_EXTENSION</key>
				<string>app</string>
			</dict>
			<key>isa</key>
			<string>XCBuildConfiguration</string>
			<key>name</key>
			<string>Debug</string>
		</dict>
		<key>4238453E1697BF3F00C731C8</key>
		<dict>
			<key>buildSettings</key>
			<dict>
				<key>CODE_SIGN_IDENTITY</key>
				<string>iPhone Developer: david shah (3DEF7ZQK8J)</string>
				<key>CODE_SIGN_IDENTITY[sdk=*]</key>
				<string>iPhone Developer</string>
				<key>GCC_PRECOMPILE_PREFIX_HEADER</key>
				<string>YES</string>
				<key>GCC_PREFIX_HEADER</key>
				<string>LeanDogTools/LeanDogTools-Prefix.pch</string>
				<key>INFOPLIST_FILE</key>
				<string>LeanDogTools/LeanDogTools-Info.plist</string>
				<key>IPHONEOS_DEPLOYMENT_TARGET</key>
				<string>5.0</string>
				<key>PRODUCT_NAME</key>
				<string>LeanDogTools</string>
				<key>PROVISIONING_PROFILE</key>
				<string>D51080A5-5057-4C76-8894-D6124E68BAA4</string>
				<key>PROVISIONING_PROFILE[sdk=*]</key>
				<string></string>
				<key>WRAPPER_EXTENSION</key>
				<string>app</string>
			</dict>
			<key>isa</key>
			<string>XCBuildConfiguration</string>
			<key>name</key>
			<string>Release</string>
		</dict>
		<key>4238453F1697BF3F00C731C8</key>
		<dict>
			<key>buildConfigurations</key>
			<array>
				<string>423845401697BF3F00C731C8</string>
				<string>423845411697BF3F00C731C8</string>
			</array>
			<key>defaultConfigurationIsVisible</key>
			<string>0</string>
			<key>defaultConfigurationName</key>
			<string>Release</string>
			<key>isa</key>
			<string>XCConfigurationList</string>
		</dict>
		<key>423845401697BF3F00C731C8</key>
		<dict>
			<key>buildSettings</key>
			<dict>
				<key>BUNDLE_LOADER</key>
				<string>$(BUILT_PRODUCTS_DIR)/LeanDogTools.app/LeanDogTools</string>
				<key>FRAMEWORK_SEARCH_PATHS</key>
				<array>
					<string>"$(SDKROOT)/Developer/Library/Frameworks"</string>
					<string>"$(DEVELOPER_LIBRARY_DIR)/Frameworks"</string>
				</array>
				<key>GCC_PRECOMPILE_PREFIX_HEADER</key>
				<string>YES</string>
				<key>GCC_PREFIX_HEADER</key>
				<string>LeanDogTools/LeanDogTools-Prefix.pch</string>
				<key>INFOPLIST_FILE</key>
				<string>LeanDogToolsTests/LeanDogToolsTests-Info.plist</string>
				<key>PRODUCT_NAME</key>
				<string>$(TARGET_NAME)</string>
				<key>TEST_HOST</key>
				<string>$(BUNDLE_LOADER)</string>
				<key>WRAPPER_EXTENSION</key>
				<string>octest</string>
			</dict>
			<key>isa</key>
			<string>XCBuildConfiguration</string>
			<key>name</key>
			<string>Debug</string>
		</dict>
		<key>423845411697BF3F00C731C8</key>
		<dict>
			<key>buildSettings</key>
			<dict>
				<key>BUNDLE_LOADER</key>
				<string>$(BUILT_PRODUCTS_DIR)/LeanDogTools.app/LeanDogTools</string>
				<key>FRAMEWORK_SEARCH_PATHS</key>
				<array>
					<string>"$(SDKROOT)/Developer/Library/Frameworks"</string>
					<string>"$(DEVELOPER_LIBRARY_DIR)/Frameworks"</string>
				</array>
				<key>GCC_PRECOMPILE_PREFIX_HEADER</key>
				<string>YES</string>
				<key>GCC_PREFIX_HEADER</key>
				<string>LeanDogTools/LeanDogTools-Prefix.pch</string>
				<key>INFOPLIST_FILE</key>
				<string>LeanDogToolsTests/LeanDogToolsTests-Info.plist</string>
				<key>PRODUCT_NAME</key>
				<string>$(TARGET_NAME)</string>
				<key>TEST_HOST</key>
				<string>$(BUNDLE_LOADER)</string>
				<key>WRAPPER_EXTENSION</key>
				<string>octest</string>
			</dict>
			<key>isa</key>
			<string>XCBuildConfiguration</string>
			<key>name</key>
			<string>Release</string>
		</dict>
		<key>423845421697C02400C731C8</key>
		<dict>
			<key>children</key>
			<array>
				<string>423846241697C3FB00C731C8</string>
				<string>423846221697C3F500C731C8</string>
				<string>423846201697C3F200C731C8</string>
				<string>4238460C1697C19500C731C8</string>
				<string>4238460A1697C18800C731C8</string>
				<string>423846131697C28C00C731C8</string>
				<string>423846141697C28C00C731C8</string>
				<string>423846151697C28C00C731C8</string>
				<string>423845471697C04F00C731C8</string>
				<string>423845461697C04800C731C8</string>
				<string>423845451697C04100C731C8</string>
				<string>423845441697C03A00C731C8</string>
				<string>423845431697C02B00C731C8</string>
			</array>
			<key>isa</key>
			<string>PBXGroup</string>
			<key>name</key>
			<string>Images</string>
			<key>sourceTree</key>
			<string>&lt;group&gt;</string>
		</dict>
		<key>423845431697C02B00C731C8</key>
		<dict>
			<key>children</key>
			<array>
				<string>423845CE1697C14F00C731C8</string>
				<string>423845CF1697C14F00C731C8</string>
				<string>423845D01697C14F00C731C8</string>
				<string>423845D11697C14F00C731C8</string>
				<string>423845D21697C14F00C731C8</string>
				<string>423845D31697C14F00C731C8</string>
				<string>423845D41697C14F00C731C8</string>
				<string>423845D51697C14F00C731C8</string>
				<string>423845D61697C14F00C731C8</string>
				<string>423845D71697C14F00C731C8</string>
				<string>423845D81697C14F00C731C8</string>
				<string>423845D91697C14F00C731C8</string>
				<string>423845DA1697C14F00C731C8</string>
				<string>423845DB1697C14F00C731C8</string>
				<string>423845DC1697C14F00C731C8</string>
				<string>423845DD1697C14F00C731C8</string>
				<string>423845DE1697C14F00C731C8</string>
				<string>423845DF1697C14F00C731C8</string>
				<string>423845E01697C14F00C731C8</string>
				<string>423845E11697C14F00C731C8</string>
				<string>423845E21697C14F00C731C8</string>
				<string>423845E31697C14F00C731C8</string>
				<string>423845E41697C14F00C731C8</string>
				<string>423845E51697C14F00C731C8</string>
				<string>423845E61697C14F00C731C8</string>
				<string>423845E71697C14F00C731C8</string>
				<string>423845E81697C14F00C731C8</string>
			</array>
			<key>isa</key>
			<string>PBXGroup</string>
			<key>name</key>
			<string>collab</string>
			<key>sourceTree</key>
			<string>&lt;group&gt;</string>
		</dict>
		<key>423845441697C03A00C731C8</key>
		<dict>
			<key>children</key>
			<array>
				<string>423845AA1697C13300C731C8</string>
				<string>423845AB1697C13300C731C8</string>
				<string>423845AC1697C13300C731C8</string>
				<string>423845AD1697C13300C731C8</string>
				<string>423845AE1697C13300C731C8</string>
				<string>423845AF1697C13300C731C8</string>
				<string>423845B01697C13300C731C8</string>
				<string>423845B11697C13300C731C8</string>
				<string>423845B21697C13300C731C8</string>
				<string>423845B31697C13300C731C8</string>
				<string>423845B41697C13300C731C8</string>
				<string>423845B51697C13300C731C8</string>
				<string>423845B61697C13300C731C8</string>
				<string>423845B71697C13300C731C8</string>
				<string>423845B81697C13300C731C8</string>
				<string>423845B91697C13300C731C8</string>
				<string>423845BA1697C13300C731C8</string>
				<string>423845BB1697C13300C731C8</string>
			</array>
			<key>isa</key>
			<string>PBXGroup</string>
			<key>name</key>
			<string>shirt</string>
			<key>sourceTree</key>
			<string>&lt;group&gt;</string>
		</dict>
		<key>423845451697C04100C731C8</key>
		<dict>
			<key>children</key>
			<array>
				<string>423845A21697C11F00C731C8</string>
				<string>423845A31697C11F00C731C8</string>
				<string>423845A41697C11F00C731C8</string>
				<string>423845A51697C11F00C731C8</string>
			</array>
			<key>isa</key>
			<string>PBXGroup</string>
			<key>name</key>
			<string>decks</string>
			<key>sourceTree</key>
			<string>&lt;group&gt;</string>
		</dict>
		<key>423845461697C04800C731C8</key>
		<dict>
			<key>children</key>
			<array>
				<string>423845781697C0C400C731C8</string>
				<string>423845791697C0C400C731C8</string>
				<string>4238457A1697C0C400C731C8</string>
				<string>4238457B1697C0C400C731C8</string>
				<string>4238457C1697C0C400C731C8</string>
				<string>4238457D1697C0C400C731C8</string>
				<string>4238457E1697C0C400C731C8</string>
				<string>4238457F1697C0C400C731C8</string>
				<string>423845801697C0C400C731C8</string>
				<string>423845811697C0C400C731C8</string>
				<string>423845821697C0C400C731C8</string>
				<string>423845831697C0C400C731C8</string>
				<string>423845841697C0C400C731C8</string>
				<string>423845851697C0C400C731C8</string>
				<string>423845861697C0C400C731C8</string>
				<string>423845871697C0C400C731C8</string>
				<string>423845881697C0C400C731C8</string>
				<string>423845891697C0C400C731C8</string>
				<string>4238458A1697C0C400C731C8</string>
				<string>4238458B1697C0C400C731C8</string>
				<string>4238458C1697C0C400C731C8</string>
			</array>
			<key>isa</key>
			<string>PBXGroup</string>
			<key>name</key>
			<string>fist</string>
			<key>sourceTree</key>
			<string>&lt;group&gt;</string>
		</dict>
		<key>423845471697C04F00C731C8</key>
		<dict>
			<key>children</key>
			<array>
				<string>423845481697C09100C731C8</string>
				<string>423845491697C09100C731C8</string>
				<string>4238454A1697C09100C731C8</string>
				<string>4238454B1697C09100C731C8</string>
				<string>4238454C1697C09100C731C8</string>
				<string>4238454D1697C09100C731C8</string>
				<string>4238454E1697C09100C731C8</string>
				<string>4238454F1697C09100C731C8</string>
				<string>423845501697C09100C731C8</string>
				<string>423845511697C09100C731C8</string>
				<string>423845521697C09100C731C8</string>
				<string>423845531697C09100C731C8</string>
				<string>423845541697C09100C731C8</string>
				<string>423845551697C09100C731C8</string>
				<string>423845561697C09100C731C8</string>
				<string>423845571697C09100C731C8</string>
				<string>423845581697C09100C731C8</string>
				<string>423845591697C09100C731C8</string>
				<string>4238455A1697C09100C731C8</string>
				<string>4238455B1697C09100C731C8</string>
				<string>4238455C1697C09100C731C8</string>
				<string>4238455D1697C09100C731C8</string>
				<string>4238455E1697C09100C731C8</string>
				<string>4238455F1697C09100C731C8</string>
			</array>
			<key>isa</key>
			<string>PBXGroup</string>
			<key>name</key>
			<string>hats</string>
			<key>sourceTree</key>
			<string>&lt;group&gt;</string>
		</dict>
		<key>423845481697C09100C731C8</key>
		<dict>
			<key>isa</key>
			<string>PBXFileReference</string>
			<key>lastKnownFileType</key>
			<string>image.jpeg</string>
			<key>name</key>
			<string>hats_0-568h@2x.jpg</string>
			<key>path</key>
			<string>Images/hats_0-568h@2x.jpg</string>
			<key>sourceTree</key>
			<string>&lt;group&gt;</string>
		</dict>
		<key>423845491697C09100C731C8</key>
		<dict>
			<key>isa</key>
			<string>PBXFileReference</string>
			<key>lastKnownFileType</key>
			<string>image.jpeg</string>
			<key>name</key>
			<string>hats_0.jpg</string>
			<key>path</key>
			<string>Images/hats_0.jpg</string>
			<key>sourceTree</key>
			<string>&lt;group&gt;</string>
		</dict>
		<key>4238454A1697C09100C731C8</key>
		<dict>
			<key>isa</key>
			<string>PBXFileReference</string>
			<key>lastKnownFileType</key>
			<string>image.jpeg</string>
			<key>name</key>
			<string>hats_0@2x.jpg</string>
			<key>path</key>
			<string>Images/hats_0@2x.jpg</string>
			<key>sourceTree</key>
			<string>&lt;group&gt;</string>
		</dict>
		<key>4238454B1697C09100C731C8</key>
		<dict>
			<key>isa</key>
			<string>PBXFileReference</string>
			<key>lastKnownFileType</key>
			<string>image.jpeg</string>
			<key>name</key>
			<string>hats_1-568h@2x.jpg</string>
			<key>path</key>
			<string>Images/hats_1-568h@2x.jpg</string>
			<key>sourceTree</key>
			<string>&lt;group&gt;</string>
		</dict>
		<key>4238454C1697C09100C731C8</key>
		<dict>
			<key>isa</key>
			<string>PBXFileReference</string>
			<key>lastKnownFileType</key>
			<string>image.jpeg</string>
			<key>name</key>
			<string>hats_1.jpg</string>
			<key>path</key>
			<string>Images/hats_1.jpg</string>
			<key>sourceTree</key>
			<string>&lt;group&gt;</string>
		</dict>
		<key>4238454D1697C09100C731C8</key>
		<dict>
			<key>isa</key>
			<string>PBXFileReference</string>
			<key>lastKnownFileType</key>
			<string>image.jpeg</string>
			<key>name</key>
			<string>hats_1@2x.jpg</string>
			<key>path</key>
			<string>Images/hats_1@2x.jpg</string>
			<key>sourceTree</key>
			<string>&lt;group&gt;</string>
		</dict>
		<key>4238454E1697C09100C731C8</key>
		<dict>
			<key>isa</key>
			<string>PBXFileReference</string>
			<key>lastKnownFileType</key>
			<string>image.jpeg</string>
			<key>name</key>
			<string>hats_2-568h@2x.jpg</string>
			<key>path</key>
			<string>Images/hats_2-568h@2x.jpg</string>
			<key>sourceTree</key>
			<string>&lt;group&gt;</string>
		</dict>
		<key>4238454F1697C09100C731C8</key>
		<dict>
			<key>isa</key>
			<string>PBXFileReference</string>
			<key>lastKnownFileType</key>
			<string>image.jpeg</string>
			<key>name</key>
			<string>hats_2.jpg</string>
			<key>path</key>
			<string>Images/hats_2.jpg</string>
			<key>sourceTree</key>
			<string>&lt;group&gt;</string>
		</dict>
		<key>423845501697C09100C731C8</key>
		<dict>
			<key>isa</key>
			<string>PBXFileReference</string>
			<key>lastKnownFileType</key>
			<string>image.jpeg</string>
			<key>name</key>
			<string>hats_2@2x.jpg</string>
			<key>path</key>
			<string>Images/hats_2@2x.jpg</string>
			<key>sourceTree</key>
			<string>&lt;group&gt;</string>
		</dict>
		<key>423845511697C09100C731C8</key>
		<dict>
			<key>isa</key>
			<string>PBXFileReference</string>
			<key>lastKnownFileType</key>
			<string>image.jpeg</string>
			<key>name</key>
			<string>hats_3-568h@2x.jpg</string>
			<key>path</key>
			<string>Images/hats_3-568h@2x.jpg</string>
			<key>sourceTree</key>
			<string>&lt;group&gt;</string>
		</dict>
		<key>423845521697C09100C731C8</key>
		<dict>
			<key>isa</key>
			<string>PBXFileReference</string>
			<key>lastKnownFileType</key>
			<string>image.jpeg</string>
			<key>name</key>
			<string>hats_3.jpg</string>
			<key>path</key>
			<string>Images/hats_3.jpg</string>
			<key>sourceTree</key>
			<string>&lt;group&gt;</string>
		</dict>
		<key>423845531697C09100C731C8</key>
		<dict>
			<key>isa</key>
			<string>PBXFileReference</string>
			<key>lastKnownFileType</key>
			<string>image.jpeg</string>
			<key>name</key>
			<string>hats_3@2x.jpg</string>
			<key>path</key>
			<string>Images/hats_3@2x.jpg</string>
			<key>sourceTree</key>
			<string>&lt;group&gt;</string>
		</dict>
		<key>423845541697C09100C731C8</key>
		<dict>
			<key>isa</key>
			<string>PBXFileReference</string>
			<key>lastKnownFileType</key>
			<string>image.jpeg</string>
			<key>name</key>
			<string>hats_4-568h@2x.jpg</string>
			<key>path</key>
			<string>Images/hats_4-568h@2x.jpg</string>
			<key>sourceTree</key>
			<string>&lt;group&gt;</string>
		</dict>
		<key>423845551697C09100C731C8</key>
		<dict>
			<key>isa</key>
			<string>PBXFileReference</string>
			<key>lastKnownFileType</key>
			<string>image.jpeg</string>
			<key>name</key>
			<string>hats_4.jpg</string>
			<key>path</key>
			<string>Images/hats_4.jpg</string>
			<key>sourceTree</key>
			<string>&lt;group&gt;</string>
		</dict>
		<key>423845561697C09100C731C8</key>
		<dict>
			<key>isa</key>
			<string>PBXFileReference</string>
			<key>lastKnownFileType</key>
			<string>image.jpeg</string>
			<key>name</key>
			<string>hats_4@2x.jpg</string>
			<key>path</key>
			<string>Images/hats_4@2x.jpg</string>
			<key>sourceTree</key>
			<string>&lt;group&gt;</string>
		</dict>
		<key>423845571697C09100C731C8</key>
		<dict>
			<key>isa</key>
			<string>PBXFileReference</string>
			<key>lastKnownFileType</key>
			<string>image.jpeg</string>
			<key>name</key>
			<string>hats_5-568h@2x.jpg</string>
			<key>path</key>
			<string>Images/hats_5-568h@2x.jpg</string>
			<key>sourceTree</key>
			<string>&lt;group&gt;</string>
		</dict>
		<key>423845581697C09100C731C8</key>
		<dict>
			<key>isa</key>
			<string>PBXFileReference</string>
			<key>lastKnownFileType</key>
			<string>image.jpeg</string>
			<key>name</key>
			<string>hats_5.jpg</string>
			<key>path</key>
			<string>Images/hats_5.jpg</string>
			<key>sourceTree</key>
			<string>&lt;group&gt;</string>
		</dict>
		<key>423845591697C09100C731C8</key>
		<dict>
			<key>isa</key>
			<string>PBXFileReference</string>
			<key>lastKnownFileType</key>
			<string>image.jpeg</string>
			<key>name</key>
			<string>hats_5@2x.jpg</string>
			<key>path</key>
			<string>Images/hats_5@2x.jpg</string>
			<key>sourceTree</key>
			<string>&lt;group&gt;</string>
		</dict>
		<key>4238455A1697C09100C731C8</key>
		<dict>
			<key>isa</key>
			<string>PBXFileReference</string>
			<key>lastKnownFileType</key>
			<string>image.jpeg</string>
			<key>name</key>
			<string>hats_6-568h@2x.jpg</string>
			<key>path</key>
			<string>Images/hats_6-568h@2x.jpg</string>
			<key>sourceTree</key>
			<string>&lt;group&gt;</string>
		</dict>
		<key>4238455B1697C09100C731C8</key>
		<dict>
			<key>isa</key>
			<string>PBXFileReference</string>
			<key>lastKnownFileType</key>
			<string>image.jpeg</string>
			<key>name</key>
			<string>hats_6.jpg</string>
			<key>path</key>
			<string>Images/hats_6.jpg</string>
			<key>sourceTree</key>
			<string>&lt;group&gt;</string>
		</dict>
		<key>4238455C1697C09100C731C8</key>
		<dict>
			<key>isa</key>
			<string>PBXFileReference</string>
			<key>lastKnownFileType</key>
			<string>image.jpeg</string>
			<key>name</key>
			<string>hats_6@2x.jpg</string>
			<key>path</key>
			<string>Images/hats_6@2x.jpg</string>
			<key>sourceTree</key>
			<string>&lt;group&gt;</string>
		</dict>
		<key>4238455D1697C09100C731C8</key>
		<dict>
			<key>isa</key>
			<string>PBXFileReference</string>
			<key>lastKnownFileType</key>
			<string>image.jpeg</string>
			<key>name</key>
			<string>hats_7-568h@2x.jpg</string>
			<key>path</key>
			<string>Images/hats_7-568h@2x.jpg</string>
			<key>sourceTree</key>
			<string>&lt;group&gt;</string>
		</dict>
		<key>4238455E1697C09100C731C8</key>
		<dict>
			<key>isa</key>
			<string>PBXFileReference</string>
			<key>lastKnownFileType</key>
			<string>image.jpeg</string>
			<key>name</key>
			<string>hats_7.jpg</string>
			<key>path</key>
			<string>Images/hats_7.jpg</string>
			<key>sourceTree</key>
			<string>&lt;group&gt;</string>
		</dict>
		<key>4238455F1697C09100C731C8</key>
		<dict>
			<key>isa</key>
			<string>PBXFileReference</string>
			<key>lastKnownFileType</key>
			<string>image.jpeg</string>
			<key>name</key>
			<string>hats_7@2x.jpg</string>
			<key>path</key>
			<string>Images/hats_7@2x.jpg</string>
			<key>sourceTree</key>
			<string>&lt;group&gt;</string>
		</dict>
		<key>423845601697C09100C731C8</key>
		<dict>
			<key>fileRef</key>
			<string>423845481697C09100C731C8</string>
			<key>isa</key>
			<string>PBXBuildFile</string>
		</dict>
		<key>423845611697C09100C731C8</key>
		<dict>
			<key>fileRef</key>
			<string>423845491697C09100C731C8</string>
			<key>isa</key>
			<string>PBXBuildFile</string>
		</dict>
		<key>423845621697C09100C731C8</key>
		<dict>
			<key>fileRef</key>
			<string>4238454A1697C09100C731C8</string>
			<key>isa</key>
			<string>PBXBuildFile</string>
		</dict>
		<key>423845631697C09100C731C8</key>
		<dict>
			<key>fileRef</key>
			<string>4238454B1697C09100C731C8</string>
			<key>isa</key>
			<string>PBXBuildFile</string>
		</dict>
		<key>423845641697C09100C731C8</key>
		<dict>
			<key>fileRef</key>
			<string>4238454C1697C09100C731C8</string>
			<key>isa</key>
			<string>PBXBuildFile</string>
		</dict>
		<key>423845651697C09100C731C8</key>
		<dict>
			<key>fileRef</key>
			<string>4238454D1697C09100C731C8</string>
			<key>isa</key>
			<string>PBXBuildFile</string>
		</dict>
		<key>423845661697C09100C731C8</key>
		<dict>
			<key>fileRef</key>
			<string>4238454E1697C09100C731C8</string>
			<key>isa</key>
			<string>PBXBuildFile</string>
		</dict>
		<key>423845671697C09100C731C8</key>
		<dict>
			<key>fileRef</key>
			<string>4238454F1697C09100C731C8</string>
			<key>isa</key>
			<string>PBXBuildFile</string>
		</dict>
		<key>423845681697C09100C731C8</key>
		<dict>
			<key>fileRef</key>
			<string>423845501697C09100C731C8</string>
			<key>isa</key>
			<string>PBXBuildFile</string>
		</dict>
		<key>423845691697C09100C731C8</key>
		<dict>
			<key>fileRef</key>
			<string>423845511697C09100C731C8</string>
			<key>isa</key>
			<string>PBXBuildFile</string>
		</dict>
		<key>4238456A1697C09100C731C8</key>
		<dict>
			<key>fileRef</key>
			<string>423845521697C09100C731C8</string>
			<key>isa</key>
			<string>PBXBuildFile</string>
		</dict>
		<key>4238456B1697C09100C731C8</key>
		<dict>
			<key>fileRef</key>
			<string>423845531697C09100C731C8</string>
			<key>isa</key>
			<string>PBXBuildFile</string>
		</dict>
		<key>4238456C1697C09100C731C8</key>
		<dict>
			<key>fileRef</key>
			<string>423845541697C09100C731C8</string>
			<key>isa</key>
			<string>PBXBuildFile</string>
		</dict>
		<key>4238456D1697C09100C731C8</key>
		<dict>
			<key>fileRef</key>
			<string>423845551697C09100C731C8</string>
			<key>isa</key>
			<string>PBXBuildFile</string>
		</dict>
		<key>4238456E1697C09100C731C8</key>
		<dict>
			<key>fileRef</key>
			<string>423845561697C09100C731C8</string>
			<key>isa</key>
			<string>PBXBuildFile</string>
		</dict>
		<key>4238456F1697C09100C731C8</key>
		<dict>
			<key>fileRef</key>
			<string>423845571697C09100C731C8</string>
			<key>isa</key>
			<string>PBXBuildFile</string>
		</dict>
		<key>423845701697C09100C731C8</key>
		<dict>
			<key>fileRef</key>
			<string>423845581697C09100C731C8</string>
			<key>isa</key>
			<string>PBXBuildFile</string>
		</dict>
		<key>423845711697C09100C731C8</key>
		<dict>
			<key>fileRef</key>
			<string>423845591697C09100C731C8</string>
			<key>isa</key>
			<string>PBXBuildFile</string>
		</dict>
		<key>423845721697C09100C731C8</key>
		<dict>
			<key>fileRef</key>
			<string>4238455A1697C09100C731C8</string>
			<key>isa</key>
			<string>PBXBuildFile</string>
		</dict>
		<key>423845731697C09100C731C8</key>
		<dict>
			<key>fileRef</key>
			<string>4238455B1697C09100C731C8</string>
			<key>isa</key>
			<string>PBXBuildFile</string>
		</dict>
		<key>423845741697C09100C731C8</key>
		<dict>
			<key>fileRef</key>
			<string>4238455C1697C09100C731C8</string>
			<key>isa</key>
			<string>PBXBuildFile</string>
		</dict>
		<key>423845751697C09100C731C8</key>
		<dict>
			<key>fileRef</key>
			<string>4238455D1697C09100C731C8</string>
			<key>isa</key>
			<string>PBXBuildFile</string>
		</dict>
		<key>423845761697C09100C731C8</key>
		<dict>
			<key>fileRef</key>
			<string>4238455E1697C09100C731C8</string>
			<key>isa</key>
			<string>PBXBuildFile</string>
		</dict>
		<key>423845771697C09100C731C8</key>
		<dict>
			<key>fileRef</key>
			<string>4238455F1697C09100C731C8</string>
			<key>isa</key>
			<string>PBXBuildFile</string>
		</dict>
		<key>423845781697C0C400C731C8</key>
		<dict>
			<key>isa</key>
			<string>PBXFileReference</string>
			<key>lastKnownFileType</key>
			<string>image.jpeg</string>
			<key>name</key>
			<string>fist_0-568h@2x.jpg</string>
			<key>path</key>
			<string>Images/fist_0-568h@2x.jpg</string>
			<key>sourceTree</key>
			<string>&lt;group&gt;</string>
		</dict>
		<key>423845791697C0C400C731C8</key>
		<dict>
			<key>isa</key>
			<string>PBXFileReference</string>
			<key>lastKnownFileType</key>
			<string>image.jpeg</string>
			<key>name</key>
			<string>fist_0.jpg</string>
			<key>path</key>
			<string>Images/fist_0.jpg</string>
			<key>sourceTree</key>
			<string>&lt;group&gt;</string>
		</dict>
		<key>4238457A1697C0C400C731C8</key>
		<dict>
			<key>isa</key>
			<string>PBXFileReference</string>
			<key>lastKnownFileType</key>
			<string>image.jpeg</string>
			<key>name</key>
			<string>fist_0@2x.jpg</string>
			<key>path</key>
			<string>Images/fist_0@2x.jpg</string>
			<key>sourceTree</key>
			<string>&lt;group&gt;</string>
		</dict>
		<key>4238457B1697C0C400C731C8</key>
		<dict>
			<key>isa</key>
			<string>PBXFileReference</string>
			<key>lastKnownFileType</key>
			<string>image.jpeg</string>
			<key>name</key>
			<string>fist_1-568h@2x.jpg</string>
			<key>path</key>
			<string>Images/fist_1-568h@2x.jpg</string>
			<key>sourceTree</key>
			<string>&lt;group&gt;</string>
		</dict>
		<key>4238457C1697C0C400C731C8</key>
		<dict>
			<key>isa</key>
			<string>PBXFileReference</string>
			<key>lastKnownFileType</key>
			<string>image.jpeg</string>
			<key>name</key>
			<string>fist_1.jpg</string>
			<key>path</key>
			<string>Images/fist_1.jpg</string>
			<key>sourceTree</key>
			<string>&lt;group&gt;</string>
		</dict>
		<key>4238457D1697C0C400C731C8</key>
		<dict>
			<key>isa</key>
			<string>PBXFileReference</string>
			<key>lastKnownFileType</key>
			<string>image.jpeg</string>
			<key>name</key>
			<string>fist_1@2x.jpg</string>
			<key>path</key>
			<string>Images/fist_1@2x.jpg</string>
			<key>sourceTree</key>
			<string>&lt;group&gt;</string>
		</dict>
		<key>4238457E1697C0C400C731C8</key>
		<dict>
			<key>isa</key>
			<string>PBXFileReference</string>
			<key>lastKnownFileType</key>
			<string>image.jpeg</string>
			<key>name</key>
			<string>fist_2-568h@2x.jpg</string>
			<key>path</key>
			<string>Images/fist_2-568h@2x.jpg</string>
			<key>sourceTree</key>
			<string>&lt;group&gt;</string>
		</dict>
		<key>4238457F1697C0C400C731C8</key>
		<dict>
			<key>isa</key>
			<string>PBXFileReference</string>
			<key>lastKnownFileType</key>
			<string>image.jpeg</string>
			<key>name</key>
			<string>fist_2.jpg</string>
			<key>path</key>
			<string>Images/fist_2.jpg</string>
			<key>sourceTree</key>
			<string>&lt;group&gt;</string>
		</dict>
		<key>423845801697C0C400C731C8</key>
		<dict>
			<key>isa</key>
			<string>PBXFileReference</string>
			<key>lastKnownFileType</key>
			<string>image.jpeg</string>
			<key>name</key>
			<string>fist_2@2x.jpg</string>
			<key>path</key>
			<string>Images/fist_2@2x.jpg</string>
			<key>sourceTree</key>
			<string>&lt;group&gt;</string>
		</dict>
		<key>423845811697C0C400C731C8</key>
		<dict>
			<key>isa</key>
			<string>PBXFileReference</string>
			<key>lastKnownFileType</key>
			<string>image.jpeg</string>
			<key>name</key>
			<string>fist_3-568h@2x.jpg</string>
			<key>path</key>
			<string>Images/fist_3-568h@2x.jpg</string>
			<key>sourceTree</key>
			<string>&lt;group&gt;</string>
		</dict>
		<key>423845821697C0C400C731C8</key>
		<dict>
			<key>isa</key>
			<string>PBXFileReference</string>
			<key>lastKnownFileType</key>
			<string>image.jpeg</string>
			<key>name</key>
			<string>fist_3.jpg</string>
			<key>path</key>
			<string>Images/fist_3.jpg</string>
			<key>sourceTree</key>
			<string>&lt;group&gt;</string>
		</dict>
		<key>423845831697C0C400C731C8</key>
		<dict>
			<key>isa</key>
			<string>PBXFileReference</string>
			<key>lastKnownFileType</key>
			<string>image.jpeg</string>
			<key>name</key>
			<string>fist_3@2x.jpg</string>
			<key>path</key>
			<string>Images/fist_3@2x.jpg</string>
			<key>sourceTree</key>
			<string>&lt;group&gt;</string>
		</dict>
		<key>423845841697C0C400C731C8</key>
		<dict>
			<key>isa</key>
			<string>PBXFileReference</string>
			<key>lastKnownFileType</key>
			<string>image.jpeg</string>
			<key>name</key>
			<string>fist_4-568h@2x.jpg</string>
			<key>path</key>
			<string>Images/fist_4-568h@2x.jpg</string>
			<key>sourceTree</key>
			<string>&lt;group&gt;</string>
		</dict>
		<key>423845851697C0C400C731C8</key>
		<dict>
			<key>isa</key>
			<string>PBXFileReference</string>
			<key>lastKnownFileType</key>
			<string>image.jpeg</string>
			<key>name</key>
			<string>fist_4.jpg</string>
			<key>path</key>
			<string>Images/fist_4.jpg</string>
			<key>sourceTree</key>
			<string>&lt;group&gt;</string>
		</dict>
		<key>423845861697C0C400C731C8</key>
		<dict>
			<key>isa</key>
			<string>PBXFileReference</string>
			<key>lastKnownFileType</key>
			<string>image.jpeg</string>
			<key>name</key>
			<string>fist_4@2x.jpg</string>
			<key>path</key>
			<string>Images/fist_4@2x.jpg</string>
			<key>sourceTree</key>
			<string>&lt;group&gt;</string>
		</dict>
		<key>423845871697C0C400C731C8</key>
		<dict>
			<key>isa</key>
			<string>PBXFileReference</string>
			<key>lastKnownFileType</key>
			<string>image.jpeg</string>
			<key>name</key>
			<string>fist_5-568h@2x.jpg</string>
			<key>path</key>
			<string>Images/fist_5-568h@2x.jpg</string>
			<key>sourceTree</key>
			<string>&lt;group&gt;</string>
		</dict>
		<key>423845881697C0C400C731C8</key>
		<dict>
			<key>isa</key>
			<string>PBXFileReference</string>
			<key>lastKnownFileType</key>
			<string>image.jpeg</string>
			<key>name</key>
			<string>fist_5.jpg</string>
			<key>path</key>
			<string>Images/fist_5.jpg</string>
			<key>sourceTree</key>
			<string>&lt;group&gt;</string>
		</dict>
		<key>423845891697C0C400C731C8</key>
		<dict>
			<key>isa</key>
			<string>PBXFileReference</string>
			<key>lastKnownFileType</key>
			<string>image.jpeg</string>
			<key>name</key>
			<string>fist_5@2x.jpg</string>
			<key>path</key>
			<string>Images/fist_5@2x.jpg</string>
			<key>sourceTree</key>
			<string>&lt;group&gt;</string>
		</dict>
		<key>4238458A1697C0C400C731C8</key>
		<dict>
			<key>isa</key>
			<string>PBXFileReference</string>
			<key>lastKnownFileType</key>
			<string>image.jpeg</string>
			<key>name</key>
			<string>fist_6-568h@2x.jpg</string>
			<key>path</key>
			<string>Images/fist_6-568h@2x.jpg</string>
			<key>sourceTree</key>
			<string>&lt;group&gt;</string>
		</dict>
		<key>4238458B1697C0C400C731C8</key>
		<dict>
			<key>isa</key>
			<string>PBXFileReference</string>
			<key>lastKnownFileType</key>
			<string>image.jpeg</string>
			<key>name</key>
			<string>fist_6.jpg</string>
			<key>path</key>
			<string>Images/fist_6.jpg</string>
			<key>sourceTree</key>
			<string>&lt;group&gt;</string>
		</dict>
		<key>4238458C1697C0C400C731C8</key>
		<dict>
			<key>isa</key>
			<string>PBXFileReference</string>
			<key>lastKnownFileType</key>
			<string>image.jpeg</string>
			<key>name</key>
			<string>fist_6@2x.jpg</string>
			<key>path</key>
			<string>Images/fist_6@2x.jpg</string>
			<key>sourceTree</key>
			<string>&lt;group&gt;</string>
		</dict>
		<key>4238458D1697C0C400C731C8</key>
		<dict>
			<key>fileRef</key>
			<string>423845781697C0C400C731C8</string>
			<key>isa</key>
			<string>PBXBuildFile</string>
		</dict>
		<key>4238458E1697C0C400C731C8</key>
		<dict>
			<key>fileRef</key>
			<string>423845791697C0C400C731C8</string>
			<key>isa</key>
			<string>PBXBuildFile</string>
		</dict>
		<key>4238458F1697C0C400C731C8</key>
		<dict>
			<key>fileRef</key>
			<string>4238457A1697C0C400C731C8</string>
			<key>isa</key>
			<string>PBXBuildFile</string>
		</dict>
		<key>423845901697C0C400C731C8</key>
		<dict>
			<key>fileRef</key>
			<string>4238457B1697C0C400C731C8</string>
			<key>isa</key>
			<string>PBXBuildFile</string>
		</dict>
		<key>423845911697C0C400C731C8</key>
		<dict>
			<key>fileRef</key>
			<string>4238457C1697C0C400C731C8</string>
			<key>isa</key>
			<string>PBXBuildFile</string>
		</dict>
		<key>423845921697C0C400C731C8</key>
		<dict>
			<key>fileRef</key>
			<string>4238457D1697C0C400C731C8</string>
			<key>isa</key>
			<string>PBXBuildFile</string>
		</dict>
		<key>423845931697C0C400C731C8</key>
		<dict>
			<key>fileRef</key>
			<string>4238457E1697C0C400C731C8</string>
			<key>isa</key>
			<string>PBXBuildFile</string>
		</dict>
		<key>423845941697C0C400C731C8</key>
		<dict>
			<key>fileRef</key>
			<string>4238457F1697C0C400C731C8</string>
			<key>isa</key>
			<string>PBXBuildFile</string>
		</dict>
		<key>423845951697C0C400C731C8</key>
		<dict>
			<key>fileRef</key>
			<string>423845801697C0C400C731C8</string>
			<key>isa</key>
			<string>PBXBuildFile</string>
		</dict>
		<key>423845961697C0C400C731C8</key>
		<dict>
			<key>fileRef</key>
			<string>423845811697C0C400C731C8</string>
			<key>isa</key>
			<string>PBXBuildFile</string>
		</dict>
		<key>423845971697C0C400C731C8</key>
		<dict>
			<key>fileRef</key>
			<string>423845821697C0C400C731C8</string>
			<key>isa</key>
			<string>PBXBuildFile</string>
		</dict>
		<key>423845981697C0C400C731C8</key>
		<dict>
			<key>fileRef</key>
			<string>423845831697C0C400C731C8</string>
			<key>isa</key>
			<string>PBXBuildFile</string>
		</dict>
		<key>423845991697C0C400C731C8</key>
		<dict>
			<key>fileRef</key>
			<string>423845841697C0C400C731C8</string>
			<key>isa</key>
			<string>PBXBuildFile</string>
		</dict>
		<key>4238459A1697C0C400C731C8</key>
		<dict>
			<key>fileRef</key>
			<string>423845851697C0C400C731C8</string>
			<key>isa</key>
			<string>PBXBuildFile</string>
		</dict>
		<key>4238459B1697C0C400C731C8</key>
		<dict>
			<key>fileRef</key>
			<string>423845861697C0C400C731C8</string>
			<key>isa</key>
			<string>PBXBuildFile</string>
		</dict>
		<key>4238459C1697C0C400C731C8</key>
		<dict>
			<key>fileRef</key>
			<string>423845871697C0C400C731C8</string>
			<key>isa</key>
			<string>PBXBuildFile</string>
		</dict>
		<key>4238459D1697C0C400C731C8</key>
		<dict>
			<key>fileRef</key>
			<string>423845881697C0C400C731C8</string>
			<key>isa</key>
			<string>PBXBuildFile</string>
		</dict>
		<key>4238459E1697C0C400C731C8</key>
		<dict>
			<key>fileRef</key>
			<string>423845891697C0C400C731C8</string>
			<key>isa</key>
			<string>PBXBuildFile</string>
		</dict>
		<key>4238459F1697C0C400C731C8</key>
		<dict>
			<key>fileRef</key>
			<string>4238458A1697C0C400C731C8</string>
			<key>isa</key>
			<string>PBXBuildFile</string>
		</dict>
		<key>423845A01697C0C400C731C8</key>
		<dict>
			<key>fileRef</key>
			<string>4238458B1697C0C400C731C8</string>
			<key>isa</key>
			<string>PBXBuildFile</string>
		</dict>
		<key>423845A11697C0C400C731C8</key>
		<dict>
			<key>fileRef</key>
			<string>4238458C1697C0C400C731C8</string>
			<key>isa</key>
			<string>PBXBuildFile</string>
		</dict>
		<key>423845A21697C11F00C731C8</key>
		<dict>
			<key>isa</key>
			<string>PBXFileReference</string>
			<key>lastKnownFileType</key>
			<string>image.jpeg</string>
			<key>name</key>
			<string>320Collaboration.jpg</string>
			<key>path</key>
			<string>Images/320Collaboration.jpg</string>
			<key>sourceTree</key>
			<string>&lt;group&gt;</string>
		</dict>
		<key>423845A31697C11F00C731C8</key>
		<dict>
			<key>isa</key>
			<string>PBXFileReference</string>
			<key>lastKnownFileType</key>
			<string>image.jpeg</string>
			<key>name</key>
			<string>320Fistof5.jpg</string>
			<key>path</key>
			<string>Images/320Fistof5.jpg</string>
			<key>sourceTree</key>
			<string>&lt;group&gt;</string>
		</dict>
		<key>423845A41697C11F00C731C8</key>
		<dict>
			<key>isa</key>
			<string>PBXFileReference</string>
			<key>lastKnownFileType</key>
			<string>image.jpeg</string>
			<key>name</key>
			<string>320ThinkingHat.jpg</string>
			<key>path</key>
			<string>Images/320ThinkingHat.jpg</string>
			<key>sourceTree</key>
			<string>&lt;group&gt;</string>
		</dict>
		<key>423845A51697C11F00C731C8</key>
		<dict>
			<key>isa</key>
			<string>PBXFileReference</string>
			<key>lastKnownFileType</key>
			<string>image.jpeg</string>
			<key>name</key>
			<string>320TShirts.jpg</string>
			<key>path</key>
			<string>Images/320TShirts.jpg</string>
			<key>sourceTree</key>
			<string>&lt;group&gt;</string>
		</dict>
		<key>423845A61697C11F00C731C8</key>
		<dict>
			<key>fileRef</key>
			<string>423845A21697C11F00C731C8</string>
			<key>isa</key>
			<string>PBXBuildFile</string>
		</dict>
		<key>423845A71697C11F00C731C8</key>
		<dict>
			<key>fileRef</key>
			<string>423845A31697C11F00C731C8</string>
			<key>isa</key>
			<string>PBXBuildFile</string>
		</dict>
		<key>423845A81697C11F00C731C8</key>
		<dict>
			<key>fileRef</key>
			<string>423845A41697C11F00C731C8</string>
			<key>isa</key>
			<string>PBXBuildFile</string>
		</dict>
		<key>423845A91697C11F00C731C8</key>
		<dict>
			<key>fileRef</key>
			<string>423845A51697C11F00C731C8</string>
			<key>isa</key>
			<string>PBXBuildFile</string>
		</dict>
		<key>423845AA1697C13300C731C8</key>
		<dict>
			<key>isa</key>
			<string>PBXFileReference</string>
			<key>lastKnownFileType</key>
			<string>image.jpeg</string>
			<key>name</key>
			<string>shirts_0-568h@2x.jpg</string>
			<key>path</key>
			<string>Images/shirts_0-568h@2x.jpg</string>
			<key>sourceTree</key>
			<string>&lt;group&gt;</string>
		</dict>
		<key>423845AB1697C13300C731C8</key>
		<dict>
			<key>isa</key>
			<string>PBXFileReference</string>
			<key>lastKnownFileType</key>
			<string>image.jpeg</string>
			<key>name</key>
			<string>shirts_0.jpg</string>
			<key>path</key>
			<string>Images/shirts_0.jpg</string>
			<key>sourceTree</key>
			<string>&lt;group&gt;</string>
		</dict>
		<key>423845AC1697C13300C731C8</key>
		<dict>
			<key>isa</key>
			<string>PBXFileReference</string>
			<key>lastKnownFileType</key>
			<string>image.jpeg</string>
			<key>name</key>
			<string>shirts_0@2x.jpg</string>
			<key>path</key>
			<string>Images/shirts_0@2x.jpg</string>
			<key>sourceTree</key>
			<string>&lt;group&gt;</string>
		</dict>
		<key>423845AD1697C13300C731C8</key>
		<dict>
			<key>isa</key>
			<string>PBXFileReference</string>
			<key>lastKnownFileType</key>
			<string>image.jpeg</string>
			<key>name</key>
			<string>shirts_1-568h@2x.jpg</string>
			<key>path</key>
			<string>Images/shirts_1-568h@2x.jpg</string>
			<key>sourceTree</key>
			<string>&lt;group&gt;</string>
		</dict>
		<key>423845AE1697C13300C731C8</key>
		<dict>
			<key>isa</key>
			<string>PBXFileReference</string>
			<key>lastKnownFileType</key>
			<string>image.jpeg</string>
			<key>name</key>
			<string>shirts_1.jpg</string>
			<key>path</key>
			<string>Images/shirts_1.jpg</string>
			<key>sourceTree</key>
			<string>&lt;group&gt;</string>
		</dict>
		<key>423845AF1697C13300C731C8</key>
		<dict>
			<key>isa</key>
			<string>PBXFileReference</string>
			<key>lastKnownFileType</key>
			<string>image.jpeg</string>
			<key>name</key>
			<string>shirts_1@2x.jpg</string>
			<key>path</key>
			<string>Images/shirts_1@2x.jpg</string>
			<key>sourceTree</key>
			<string>&lt;group&gt;</string>
		</dict>
		<key>423845B01697C13300C731C8</key>
		<dict>
			<key>isa</key>
			<string>PBXFileReference</string>
			<key>lastKnownFileType</key>
			<string>image.jpeg</string>
			<key>name</key>
			<string>shirts_2-568h@2x.jpg</string>
			<key>path</key>
			<string>Images/shirts_2-568h@2x.jpg</string>
			<key>sourceTree</key>
			<string>&lt;group&gt;</string>
		</dict>
		<key>423845B11697C13300C731C8</key>
		<dict>
			<key>isa</key>
			<string>PBXFileReference</string>
			<key>lastKnownFileType</key>
			<string>image.jpeg</string>
			<key>name</key>
			<string>shirts_2.jpg</string>
			<key>path</key>
			<string>Images/shirts_2.jpg</string>
			<key>sourceTree</key>
			<string>&lt;group&gt;</string>
		</dict>
		<key>423845B21697C13300C731C8</key>
		<dict>
			<key>isa</key>
			<string>PBXFileReference</string>
			<key>lastKnownFileType</key>
			<string>image.jpeg</string>
			<key>name</key>
			<string>shirts_2@2x.jpg</string>
			<key>path</key>
			<string>Images/shirts_2@2x.jpg</string>
			<key>sourceTree</key>
			<string>&lt;group&gt;</string>
		</dict>
		<key>423845B31697C13300C731C8</key>
		<dict>
			<key>isa</key>
			<string>PBXFileReference</string>
			<key>lastKnownFileType</key>
			<string>image.jpeg</string>
			<key>name</key>
			<string>shirts_3-568h@2x.jpg</string>
			<key>path</key>
			<string>Images/shirts_3-568h@2x.jpg</string>
			<key>sourceTree</key>
			<string>&lt;group&gt;</string>
		</dict>
		<key>423845B41697C13300C731C8</key>
		<dict>
			<key>isa</key>
			<string>PBXFileReference</string>
			<key>lastKnownFileType</key>
			<string>image.jpeg</string>
			<key>name</key>
			<string>shirts_3.jpg</string>
			<key>path</key>
			<string>Images/shirts_3.jpg</string>
			<key>sourceTree</key>
			<string>&lt;group&gt;</string>
		</dict>
		<key>423845B51697C13300C731C8</key>
		<dict>
			<key>isa</key>
			<string>PBXFileReference</string>
			<key>lastKnownFileType</key>
			<string>image.jpeg</string>
			<key>name</key>
			<string>shirts_3@2x.jpg</string>
			<key>path</key>
			<string>Images/shirts_3@2x.jpg</string>
			<key>sourceTree</key>
			<string>&lt;group&gt;</string>
		</dict>
		<key>423845B61697C13300C731C8</key>
		<dict>
			<key>isa</key>
			<string>PBXFileReference</string>
			<key>lastKnownFileType</key>
			<string>image.jpeg</string>
			<key>name</key>
			<string>shirts_4-568h@2x.jpg</string>
			<key>path</key>
			<string>Images/shirts_4-568h@2x.jpg</string>
			<key>sourceTree</key>
			<string>&lt;group&gt;</string>
		</dict>
		<key>423845B71697C13300C731C8</key>
		<dict>
			<key>isa</key>
			<string>PBXFileReference</string>
			<key>lastKnownFileType</key>
			<string>image.jpeg</string>
			<key>name</key>
			<string>shirts_4.jpg</string>
			<key>path</key>
			<string>Images/shirts_4.jpg</string>
			<key>sourceTree</key>
			<string>&lt;group&gt;</string>
		</dict>
		<key>423845B81697C13300C731C8</key>
		<dict>
			<key>isa</key>
			<string>PBXFileReference</string>
			<key>lastKnownFileType</key>
			<string>image.jpeg</string>
			<key>name</key>
			<string>shirts_4@2x.jpg</string>
			<key>path</key>
			<string>Images/shirts_4@2x.jpg</string>
			<key>sourceTree</key>
			<string>&lt;group&gt;</string>
		</dict>
		<key>423845B91697C13300C731C8</key>
		<dict>
			<key>isa</key>
			<string>PBXFileReference</string>
			<key>lastKnownFileType</key>
			<string>image.jpeg</string>
			<key>name</key>
			<string>shirts_5-568h@2x.jpg</string>
			<key>path</key>
			<string>Images/shirts_5-568h@2x.jpg</string>
			<key>sourceTree</key>
			<string>&lt;group&gt;</string>
		</dict>
		<key>423845BA1697C13300C731C8</key>
		<dict>
			<key>isa</key>
			<string>PBXFileReference</string>
			<key>lastKnownFileType</key>
			<string>image.jpeg</string>
			<key>name</key>
			<string>shirts_5.jpg</string>
			<key>path</key>
			<string>Images/shirts_5.jpg</string>
			<key>sourceTree</key>
			<string>&lt;group&gt;</string>
		</dict>
		<key>423845BB1697C13300C731C8</key>
		<dict>
			<key>isa</key>
			<string>PBXFileReference</string>
			<key>lastKnownFileType</key>
			<string>image.jpeg</string>
			<key>name</key>
			<string>shirts_5@2x.jpg</string>
			<key>path</key>
			<string>Images/shirts_5@2x.jpg</string>
			<key>sourceTree</key>
			<string>&lt;group&gt;</string>
		</dict>
		<key>423845BC1697C13300C731C8</key>
		<dict>
			<key>fileRef</key>
			<string>423845AA1697C13300C731C8</string>
			<key>isa</key>
			<string>PBXBuildFile</string>
		</dict>
		<key>423845BD1697C13300C731C8</key>
		<dict>
			<key>fileRef</key>
			<string>423845AB1697C13300C731C8</string>
			<key>isa</key>
			<string>PBXBuildFile</string>
		</dict>
		<key>423845BE1697C13300C731C8</key>
		<dict>
			<key>fileRef</key>
			<string>423845AC1697C13300C731C8</string>
			<key>isa</key>
			<string>PBXBuildFile</string>
		</dict>
		<key>423845BF1697C13300C731C8</key>
		<dict>
			<key>fileRef</key>
			<string>423845AD1697C13300C731C8</string>
			<key>isa</key>
			<string>PBXBuildFile</string>
		</dict>
		<key>423845C01697C13300C731C8</key>
		<dict>
			<key>fileRef</key>
			<string>423845AE1697C13300C731C8</string>
			<key>isa</key>
			<string>PBXBuildFile</string>
		</dict>
		<key>423845C11697C13300C731C8</key>
		<dict>
			<key>fileRef</key>
			<string>423845AF1697C13300C731C8</string>
			<key>isa</key>
			<string>PBXBuildFile</string>
		</dict>
		<key>423845C21697C13300C731C8</key>
		<dict>
			<key>fileRef</key>
			<string>423845B01697C13300C731C8</string>
			<key>isa</key>
			<string>PBXBuildFile</string>
		</dict>
		<key>423845C31697C13300C731C8</key>
		<dict>
			<key>fileRef</key>
			<string>423845B11697C13300C731C8</string>
			<key>isa</key>
			<string>PBXBuildFile</string>
		</dict>
		<key>423845C41697C13300C731C8</key>
		<dict>
			<key>fileRef</key>
			<string>423845B21697C13300C731C8</string>
			<key>isa</key>
			<string>PBXBuildFile</string>
		</dict>
		<key>423845C51697C13300C731C8</key>
		<dict>
			<key>fileRef</key>
			<string>423845B31697C13300C731C8</string>
			<key>isa</key>
			<string>PBXBuildFile</string>
		</dict>
		<key>423845C61697C13300C731C8</key>
		<dict>
			<key>fileRef</key>
			<string>423845B41697C13300C731C8</string>
			<key>isa</key>
			<string>PBXBuildFile</string>
		</dict>
		<key>423845C71697C13300C731C8</key>
		<dict>
			<key>fileRef</key>
			<string>423845B51697C13300C731C8</string>
			<key>isa</key>
			<string>PBXBuildFile</string>
		</dict>
		<key>423845C81697C13300C731C8</key>
		<dict>
			<key>fileRef</key>
			<string>423845B61697C13300C731C8</string>
			<key>isa</key>
			<string>PBXBuildFile</string>
		</dict>
		<key>423845C91697C13300C731C8</key>
		<dict>
			<key>fileRef</key>
			<string>423845B71697C13300C731C8</string>
			<key>isa</key>
			<string>PBXBuildFile</string>
		</dict>
		<key>423845CA1697C13300C731C8</key>
		<dict>
			<key>fileRef</key>
			<string>423845B81697C13300C731C8</string>
			<key>isa</key>
			<string>PBXBuildFile</string>
		</dict>
		<key>423845CB1697C13300C731C8</key>
		<dict>
			<key>fileRef</key>
			<string>423845B91697C13300C731C8</string>
			<key>isa</key>
			<string>PBXBuildFile</string>
		</dict>
		<key>423845CC1697C13300C731C8</key>
		<dict>
			<key>fileRef</key>
			<string>423845BA1697C13300C731C8</string>
			<key>isa</key>
			<string>PBXBuildFile</string>
		</dict>
		<key>423845CD1697C13300C731C8</key>
		<dict>
			<key>fileRef</key>
			<string>423845BB1697C13300C731C8</string>
			<key>isa</key>
			<string>PBXBuildFile</string>
		</dict>
		<key>423845CE1697C14F00C731C8</key>
		<dict>
			<key>isa</key>
			<string>PBXFileReference</string>
			<key>lastKnownFileType</key>
			<string>image.jpeg</string>
			<key>name</key>
			<string>collab_0-568h@2x.jpg</string>
			<key>path</key>
			<string>Images/collab_0-568h@2x.jpg</string>
			<key>sourceTree</key>
			<string>&lt;group&gt;</string>
		</dict>
		<key>423845CF1697C14F00C731C8</key>
		<dict>
			<key>isa</key>
			<string>PBXFileReference</string>
			<key>lastKnownFileType</key>
			<string>image.jpeg</string>
			<key>name</key>
			<string>collab_0.jpg</string>
			<key>path</key>
			<string>Images/collab_0.jpg</string>
			<key>sourceTree</key>
			<string>&lt;group&gt;</string>
		</dict>
		<key>423845D01697C14F00C731C8</key>
		<dict>
			<key>isa</key>
			<string>PBXFileReference</string>
			<key>lastKnownFileType</key>
			<string>image.jpeg</string>
			<key>name</key>
			<string>collab_0@2x.jpg</string>
			<key>path</key>
			<string>Images/collab_0@2x.jpg</string>
			<key>sourceTree</key>
			<string>&lt;group&gt;</string>
		</dict>
		<key>423845D11697C14F00C731C8</key>
		<dict>
			<key>isa</key>
			<string>PBXFileReference</string>
			<key>lastKnownFileType</key>
			<string>image.jpeg</string>
			<key>name</key>
			<string>collab_1-568h@2x.jpg</string>
			<key>path</key>
			<string>Images/collab_1-568h@2x.jpg</string>
			<key>sourceTree</key>
			<string>&lt;group&gt;</string>
		</dict>
		<key>423845D21697C14F00C731C8</key>
		<dict>
			<key>isa</key>
			<string>PBXFileReference</string>
			<key>lastKnownFileType</key>
			<string>image.jpeg</string>
			<key>name</key>
			<string>collab_1.jpg</string>
			<key>path</key>
			<string>Images/collab_1.jpg</string>
			<key>sourceTree</key>
			<string>&lt;group&gt;</string>
		</dict>
		<key>423845D31697C14F00C731C8</key>
		<dict>
			<key>isa</key>
			<string>PBXFileReference</string>
			<key>lastKnownFileType</key>
			<string>image.jpeg</string>
			<key>name</key>
			<string>collab_1@2x.jpg</string>
			<key>path</key>
			<string>Images/collab_1@2x.jpg</string>
			<key>sourceTree</key>
			<string>&lt;group&gt;</string>
		</dict>
		<key>423845D41697C14F00C731C8</key>
		<dict>
			<key>isa</key>
			<string>PBXFileReference</string>
			<key>lastKnownFileType</key>
			<string>image.jpeg</string>
			<key>name</key>
			<string>collab_2-568h@2x.jpg</string>
			<key>path</key>
			<string>Images/collab_2-568h@2x.jpg</string>
			<key>sourceTree</key>
			<string>&lt;group&gt;</string>
		</dict>
		<key>423845D51697C14F00C731C8</key>
		<dict>
			<key>isa</key>
			<string>PBXFileReference</string>
			<key>lastKnownFileType</key>
			<string>image.jpeg</string>
			<key>name</key>
			<string>collab_2.jpg</string>
			<key>path</key>
			<string>Images/collab_2.jpg</string>
			<key>sourceTree</key>
			<string>&lt;group&gt;</string>
		</dict>
		<key>423845D61697C14F00C731C8</key>
		<dict>
			<key>isa</key>
			<string>PBXFileReference</string>
			<key>lastKnownFileType</key>
			<string>image.jpeg</string>
			<key>name</key>
			<string>collab_2@2x.jpg</string>
			<key>path</key>
			<string>Images/collab_2@2x.jpg</string>
			<key>sourceTree</key>
			<string>&lt;group&gt;</string>
		</dict>
		<key>423845D71697C14F00C731C8</key>
		<dict>
			<key>isa</key>
			<string>PBXFileReference</string>
			<key>lastKnownFileType</key>
			<string>image.jpeg</string>
			<key>name</key>
			<string>collab_3-568h@2x.jpg</string>
			<key>path</key>
			<string>Images/collab_3-568h@2x.jpg</string>
			<key>sourceTree</key>
			<string>&lt;group&gt;</string>
		</dict>
		<key>423845D81697C14F00C731C8</key>
		<dict>
			<key>isa</key>
			<string>PBXFileReference</string>
			<key>lastKnownFileType</key>
			<string>image.jpeg</string>
			<key>name</key>
			<string>collab_3.jpg</string>
			<key>path</key>
			<string>Images/collab_3.jpg</string>
			<key>sourceTree</key>
			<string>&lt;group&gt;</string>
		</dict>
		<key>423845D91697C14F00C731C8</key>
		<dict>
			<key>isa</key>
			<string>PBXFileReference</string>
			<key>lastKnownFileType</key>
			<string>image.jpeg</string>
			<key>name</key>
			<string>collab_3@2x.jpg</string>
			<key>path</key>
			<string>Images/collab_3@2x.jpg</string>
			<key>sourceTree</key>
			<string>&lt;group&gt;</string>
		</dict>
		<key>423845DA1697C14F00C731C8</key>
		<dict>
			<key>isa</key>
			<string>PBXFileReference</string>
			<key>lastKnownFileType</key>
			<string>image.jpeg</string>
			<key>name</key>
			<string>collab_4-568h@2x.jpg</string>
			<key>path</key>
			<string>Images/collab_4-568h@2x.jpg</string>
			<key>sourceTree</key>
			<string>&lt;group&gt;</string>
		</dict>
		<key>423845DB1697C14F00C731C8</key>
		<dict>
			<key>isa</key>
			<string>PBXFileReference</string>
			<key>lastKnownFileType</key>
			<string>image.jpeg</string>
			<key>name</key>
			<string>collab_4.jpg</string>
			<key>path</key>
			<string>Images/collab_4.jpg</string>
			<key>sourceTree</key>
			<string>&lt;group&gt;</string>
		</dict>
		<key>423845DC1697C14F00C731C8</key>
		<dict>
			<key>isa</key>
			<string>PBXFileReference</string>
			<key>lastKnownFileType</key>
			<string>image.jpeg</string>
			<key>name</key>
			<string>collab_4@2x.jpg</string>
			<key>path</key>
			<string>Images/collab_4@2x.jpg</string>
			<key>sourceTree</key>
			<string>&lt;group&gt;</string>
		</dict>
		<key>423845DD1697C14F00C731C8</key>
		<dict>
			<key>isa</key>
			<string>PBXFileReference</string>
			<key>lastKnownFileType</key>
			<string>image.jpeg</string>
			<key>name</key>
			<string>collab_5-568h@2x.jpg</string>
			<key>path</key>
			<string>Images/collab_5-568h@2x.jpg</string>
			<key>sourceTree</key>
			<string>&lt;group&gt;</string>
		</dict>
		<key>423845DE1697C14F00C731C8</key>
		<dict>
			<key>isa</key>
			<string>PBXFileReference</string>
			<key>lastKnownFileType</key>
			<string>image.jpeg</string>
			<key>name</key>
			<string>collab_5.jpg</string>
			<key>path</key>
			<string>Images/collab_5.jpg</string>
			<key>sourceTree</key>
			<string>&lt;group&gt;</string>
		</dict>
		<key>423845DF1697C14F00C731C8</key>
		<dict>
			<key>isa</key>
			<string>PBXFileReference</string>
			<key>lastKnownFileType</key>
			<string>image.jpeg</string>
			<key>name</key>
			<string>collab_5@2x.jpg</string>
			<key>path</key>
			<string>Images/collab_5@2x.jpg</string>
			<key>sourceTree</key>
			<string>&lt;group&gt;</string>
		</dict>
		<key>423845E01697C14F00C731C8</key>
		<dict>
			<key>isa</key>
			<string>PBXFileReference</string>
			<key>lastKnownFileType</key>
			<string>image.jpeg</string>
			<key>name</key>
			<string>collab_6-568h@2x.jpg</string>
			<key>path</key>
			<string>Images/collab_6-568h@2x.jpg</string>
			<key>sourceTree</key>
			<string>&lt;group&gt;</string>
		</dict>
		<key>423845E11697C14F00C731C8</key>
		<dict>
			<key>isa</key>
			<string>PBXFileReference</string>
			<key>lastKnownFileType</key>
			<string>image.jpeg</string>
			<key>name</key>
			<string>collab_6.jpg</string>
			<key>path</key>
			<string>Images/collab_6.jpg</string>
			<key>sourceTree</key>
			<string>&lt;group&gt;</string>
		</dict>
		<key>423845E21697C14F00C731C8</key>
		<dict>
			<key>isa</key>
			<string>PBXFileReference</string>
			<key>lastKnownFileType</key>
			<string>image.jpeg</string>
			<key>name</key>
			<string>collab_6@2x.jpg</string>
			<key>path</key>
			<string>Images/collab_6@2x.jpg</string>
			<key>sourceTree</key>
			<string>&lt;group&gt;</string>
		</dict>
		<key>423845E31697C14F00C731C8</key>
		<dict>
			<key>isa</key>
			<string>PBXFileReference</string>
			<key>lastKnownFileType</key>
			<string>image.jpeg</string>
			<key>name</key>
			<string>collab_7-568h@2x.jpg</string>
			<key>path</key>
			<string>Images/collab_7-568h@2x.jpg</string>
			<key>sourceTree</key>
			<string>&lt;group&gt;</string>
		</dict>
		<key>423845E41697C14F00C731C8</key>
		<dict>
			<key>isa</key>
			<string>PBXFileReference</string>
			<key>lastKnownFileType</key>
			<string>image.jpeg</string>
			<key>name</key>
			<string>collab_7.jpg</string>
			<key>path</key>
			<string>Images/collab_7.jpg</string>
			<key>sourceTree</key>
			<string>&lt;group&gt;</string>
		</dict>
		<key>423845E51697C14F00C731C8</key>
		<dict>
			<key>isa</key>
			<string>PBXFileReference</string>
			<key>lastKnownFileType</key>
			<string>image.jpeg</string>
			<key>name</key>
			<string>collab_7@2x.jpg</string>
			<key>path</key>
			<string>Images/collab_7@2x.jpg</string>
			<key>sourceTree</key>
			<string>&lt;group&gt;</string>
		</dict>
		<key>423845E61697C14F00C731C8</key>
		<dict>
			<key>isa</key>
			<string>PBXFileReference</string>
			<key>lastKnownFileType</key>
			<string>image.jpeg</string>
			<key>name</key>
			<string>collab_8-568h@2x.jpg</string>
			<key>path</key>
			<string>Images/collab_8-568h@2x.jpg</string>
			<key>sourceTree</key>
			<string>&lt;group&gt;</string>
		</dict>
		<key>423845E71697C14F00C731C8</key>
		<dict>
			<key>isa</key>
			<string>PBXFileReference</string>
			<key>lastKnownFileType</key>
			<string>image.jpeg</string>
			<key>name</key>
			<string>collab_8.jpg</string>
			<key>path</key>
			<string>Images/collab_8.jpg</string>
			<key>sourceTree</key>
			<string>&lt;group&gt;</string>
		</dict>
		<key>423845E81697C14F00C731C8</key>
		<dict>
			<key>isa</key>
			<string>PBXFileReference</string>
			<key>lastKnownFileType</key>
			<string>image.jpeg</string>
			<key>name</key>
			<string>collab_8@2x.jpg</string>
			<key>path</key>
			<string>Images/collab_8@2x.jpg</string>
			<key>sourceTree</key>
			<string>&lt;group&gt;</string>
		</dict>
		<key>423845E91697C14F00C731C8</key>
		<dict>
			<key>fileRef</key>
			<string>423845CE1697C14F00C731C8</string>
			<key>isa</key>
			<string>PBXBuildFile</string>
		</dict>
		<key>423845EA1697C14F00C731C8</key>
		<dict>
			<key>fileRef</key>
			<string>423845CF1697C14F00C731C8</string>
			<key>isa</key>
			<string>PBXBuildFile</string>
		</dict>
		<key>423845EB1697C14F00C731C8</key>
		<dict>
			<key>fileRef</key>
			<string>423845D01697C14F00C731C8</string>
			<key>isa</key>
			<string>PBXBuildFile</string>
		</dict>
		<key>423845EC1697C14F00C731C8</key>
		<dict>
			<key>fileRef</key>
			<string>423845D11697C14F00C731C8</string>
			<key>isa</key>
			<string>PBXBuildFile</string>
		</dict>
		<key>423845ED1697C14F00C731C8</key>
		<dict>
			<key>fileRef</key>
			<string>423845D21697C14F00C731C8</string>
			<key>isa</key>
			<string>PBXBuildFile</string>
		</dict>
		<key>423845EE1697C14F00C731C8</key>
		<dict>
			<key>fileRef</key>
			<string>423845D31697C14F00C731C8</string>
			<key>isa</key>
			<string>PBXBuildFile</string>
		</dict>
		<key>423845EF1697C14F00C731C8</key>
		<dict>
			<key>fileRef</key>
			<string>423845D41697C14F00C731C8</string>
			<key>isa</key>
			<string>PBXBuildFile</string>
		</dict>
		<key>423845F01697C14F00C731C8</key>
		<dict>
			<key>fileRef</key>
			<string>423845D51697C14F00C731C8</string>
			<key>isa</key>
			<string>PBXBuildFile</string>
		</dict>
		<key>423845F11697C14F00C731C8</key>
		<dict>
			<key>fileRef</key>
			<string>423845D61697C14F00C731C8</string>
			<key>isa</key>
			<string>PBXBuildFile</string>
		</dict>
		<key>423845F21697C14F00C731C8</key>
		<dict>
			<key>fileRef</key>
			<string>423845D71697C14F00C731C8</string>
			<key>isa</key>
			<string>PBXBuildFile</string>
		</dict>
		<key>423845F31697C14F00C731C8</key>
		<dict>
			<key>fileRef</key>
			<string>423845D81697C14F00C731C8</string>
			<key>isa</key>
			<string>PBXBuildFile</string>
		</dict>
		<key>423845F41697C14F00C731C8</key>
		<dict>
			<key>fileRef</key>
			<string>423845D91697C14F00C731C8</string>
			<key>isa</key>
			<string>PBXBuildFile</string>
		</dict>
		<key>423845F51697C14F00C731C8</key>
		<dict>
			<key>fileRef</key>
			<string>423845DA1697C14F00C731C8</string>
			<key>isa</key>
			<string>PBXBuildFile</string>
		</dict>
		<key>423845F61697C14F00C731C8</key>
		<dict>
			<key>fileRef</key>
			<string>423845DB1697C14F00C731C8</string>
			<key>isa</key>
			<string>PBXBuildFile</string>
		</dict>
		<key>423845F71697C14F00C731C8</key>
		<dict>
			<key>fileRef</key>
			<string>423845DC1697C14F00C731C8</string>
			<key>isa</key>
			<string>PBXBuildFile</string>
		</dict>
		<key>423845F81697C14F00C731C8</key>
		<dict>
			<key>fileRef</key>
			<string>423845DD1697C14F00C731C8</string>
			<key>isa</key>
			<string>PBXBuildFile</string>
		</dict>
		<key>423845F91697C14F00C731C8</key>
		<dict>
			<key>fileRef</key>
			<string>423845DE1697C14F00C731C8</string>
			<key>isa</key>
			<string>PBXBuildFile</string>
		</dict>
		<key>423845FA1697C14F00C731C8</key>
		<dict>
			<key>fileRef</key>
			<string>423845DF1697C14F00C731C8</string>
			<key>isa</key>
			<string>PBXBuildFile</string>
		</dict>
		<key>423845FB1697C14F00C731C8</key>
		<dict>
			<key>fileRef</key>
			<string>423845E01697C14F00C731C8</string>
			<key>isa</key>
			<string>PBXBuildFile</string>
		</dict>
		<key>423845FC1697C14F00C731C8</key>
		<dict>
			<key>fileRef</key>
			<string>423845E11697C14F00C731C8</string>
			<key>isa</key>
			<string>PBXBuildFile</string>
		</dict>
		<key>423845FD1697C14F00C731C8</key>
		<dict>
			<key>fileRef</key>
			<string>423845E21697C14F00C731C8</string>
			<key>isa</key>
			<string>PBXBuildFile</string>
		</dict>
		<key>423845FE1697C14F00C731C8</key>
		<dict>
			<key>fileRef</key>
			<string>423845E31697C14F00C731C8</string>
			<key>isa</key>
			<string>PBXBuildFile</string>
		</dict>
		<key>423845FF1697C14F00C731C8</key>
		<dict>
			<key>fileRef</key>
			<string>423845E41697C14F00C731C8</string>
			<key>isa</key>
			<string>PBXBuildFile</string>
		</dict>
		<key>423846001697C14F00C731C8</key>
		<dict>
			<key>fileRef</key>
			<string>423845E51697C14F00C731C8</string>
			<key>isa</key>
			<string>PBXBuildFile</string>
		</dict>
		<key>423846011697C14F00C731C8</key>
		<dict>
			<key>fileRef</key>
			<string>423845E61697C14F00C731C8</string>
			<key>isa</key>
			<string>PBXBuildFile</string>
		</dict>
		<key>423846021697C14F00C731C8</key>
		<dict>
			<key>fileRef</key>
			<string>423845E71697C14F00C731C8</string>
			<key>isa</key>
			<string>PBXBuildFile</string>
		</dict>
		<key>423846031697C14F00C731C8</key>
		<dict>
			<key>fileRef</key>
			<string>423845E81697C14F00C731C8</string>
			<key>isa</key>
			<string>PBXBuildFile</string>
		</dict>
		<key>4238460A1697C18800C731C8</key>
		<dict>
			<key>isa</key>
			<string>PBXFileReference</string>
			<key>lastKnownFileType</key>
			<string>image.png</string>
			<key>path</key>
			<string>launcherIcon_57.png</string>
			<key>sourceTree</key>
			<string>&lt;group&gt;</string>
		</dict>
		<key>4238460B1697C18800C731C8</key>
		<dict>
			<key>fileRef</key>
			<string>4238460A1697C18800C731C8</string>
			<key>isa</key>
			<string>PBXBuildFile</string>
		</dict>
		<key>4238460C1697C19500C731C8</key>
		<dict>
			<key>isa</key>
			<string>PBXFileReference</string>
			<key>lastKnownFileType</key>
			<string>image.png</string>
			<key>path</key>
			<string>launcherIcon_114.png</string>
			<key>sourceTree</key>
			<string>&lt;group&gt;</string>
		</dict>
		<key>4238460D1697C19500C731C8</key>
		<dict>
			<key>fileRef</key>
			<string>4238460C1697C19500C731C8</string>
			<key>isa</key>
			<string>PBXBuildFile</string>
		</dict>
		<key>423846131697C28C00C731C8</key>
		<dict>
			<key>isa</key>
			<string>PBXFileReference</string>
			<key>lastKnownFileType</key>
			<string>image.png</string>
			<key>name</key>
			<string>background-568h@2x.png</string>
			<key>path</key>
			<string>Images/background-568h@2x.png</string>
			<key>sourceTree</key>
			<string>&lt;group&gt;</string>
		</dict>
		<key>423846141697C28C00C731C8</key>
		<dict>
			<key>isa</key>
			<string>PBXFileReference</string>
			<key>lastKnownFileType</key>
			<string>image.png</string>
			<key>name</key>
			<string>background.png</string>
			<key>path</key>
			<string>Images/background.png</string>
			<key>sourceTree</key>
			<string>&lt;group&gt;</string>
		</dict>
		<key>423846151697C28C00C731C8</key>
		<dict>
			<key>isa</key>
			<string>PBXFileReference</string>
			<key>lastKnownFileType</key>
			<string>image.png</string>
			<key>name</key>
			<string>background@2x.png</string>
			<key>path</key>
			<string>Images/background@2x.png</string>
			<key>sourceTree</key>
			<string>&lt;group&gt;</string>
		</dict>
		<key>423846161697C28C00C731C8</key>
		<dict>
			<key>fileRef</key>
			<string>423846131697C28C00C731C8</string>
			<key>isa</key>
			<string>PBXBuildFile</string>
		</dict>
		<key>423846171697C28C00C731C8</key>
		<dict>
			<key>fileRef</key>
			<string>423846141697C28C00C731C8</string>
			<key>isa</key>
			<string>PBXBuildFile</string>
		</dict>
		<key>423846181697C28C00C731C8</key>
		<dict>
			<key>fileRef</key>
			<string>423846151697C28C00C731C8</string>
			<key>isa</key>
			<string>PBXBuildFile</string>
		</dict>
		<key>423846201697C3F200C731C8</key>
		<dict>
			<key>isa</key>
			<string>PBXFileReference</string>
			<key>lastKnownFileType</key>
			<string>image.png</string>
			<key>path</key>
			<string>Default.png</string>
			<key>sourceTree</key>
			<string>&lt;group&gt;</string>
		</dict>
		<key>423846211697C3F200C731C8</key>
		<dict>
			<key>fileRef</key>
			<string>423846201697C3F200C731C8</string>
			<key>isa</key>
			<string>PBXBuildFile</string>
		</dict>
		<key>423846221697C3F500C731C8</key>
		<dict>
			<key>isa</key>
			<string>PBXFileReference</string>
			<key>lastKnownFileType</key>
			<string>image.png</string>
			<key>path</key>
			<string>Default@2x.png</string>
			<key>sourceTree</key>
			<string>&lt;group&gt;</string>
		</dict>
		<key>423846231697C3F600C731C8</key>
		<dict>
			<key>fileRef</key>
			<string>423846221697C3F500C731C8</string>
			<key>isa</key>
			<string>PBXBuildFile</string>
		</dict>
		<key>423846241697C3FB00C731C8</key>
		<dict>
			<key>isa</key>
			<string>PBXFileReference</string>
			<key>lastKnownFileType</key>
			<string>image.png</string>
			<key>path</key>
			<string>Default-568h@2x.png</string>
			<key>sourceTree</key>
			<string>&lt;group&gt;</string>
		</dict>
		<key>423846251697C3FB00C731C8</key>
		<dict>
			<key>fileRef</key>
			<string>423846241697C3FB00C731C8</string>
			<key>isa</key>
			<string>PBXBuildFile</string>
		</dict>
		<key>4238462A1697C4B800C731C8</key>
		<dict>
			<key>fileEncoding</key>
			<string>4</string>
			<key>isa</key>
			<string>PBXFileReference</string>
			<key>lastKnownFileType</key>
			<string>sourcecode.c.h</string>
			<key>path</key>
			<string>LDTUtilities.h</string>
			<key>sourceTree</key>
			<string>&lt;group&gt;</string>
		</dict>
		<key>4238462B1697C4B800C731C8</key>
		<dict>
			<key>fileEncoding</key>
			<string>4</string>
			<key>isa</key>
			<string>PBXFileReference</string>
			<key>lastKnownFileType</key>
			<string>sourcecode.c.objc</string>
			<key>path</key>
			<string>LDTUtilities.m</string>
			<key>sourceTree</key>
			<string>&lt;group&gt;</string>
		</dict>
		<key>4238462C1697C4B800C731C8</key>
		<dict>
			<key>fileRef</key>
			<string>4238462B1697C4B800C731C8</string>
			<key>isa</key>
			<string>PBXBuildFile</string>
		</dict>
		<key>4238462D1697C4B800C731C8</key>
		<dict>
			<key>fileRef</key>
			<string>4238462B1697C4B800C731C8</string>
			<key>isa</key>
			<string>PBXBuildFile</string>
		</dict>
		<key>4238462E1697C56700C731C8</key>
		<dict>
			<key>children</key>
			<array>
				<string>4238462F1697C58600C731C8</string>
				<string>423846301697C58600C731C8</string>
				<string>423846331697C68800C731C8</string>
				<string>423846361697C77300C731C8</string>
				<string>423846371697C77300C731C8</string>
				<string>423846381697C77300C731C8</string>
			</array>
			<key>isa</key>
			<string>PBXGroup</string>
			<key>name</key>
			<string>controllers</string>
			<key>sourceTree</key>
			<string>&lt;group&gt;</string>
		</dict>
		<key>4238462F1697C58600C731C8</key>
		<dict>
			<key>fileEncoding</key>
			<string>4</string>
			<key>isa</key>
			<string>PBXFileReference</string>
			<key>lastKnownFileType</key>
			<string>sourcecode.c.h</string>
			<key>path</key>
			<string>LDTCardTableViewController.h</string>
			<key>sourceTree</key>
			<string>&lt;group&gt;</string>
		</dict>
		<key>423846301697C58600C731C8</key>
		<dict>
			<key>fileEncoding</key>
			<string>4</string>
			<key>isa</key>
			<string>PBXFileReference</string>
			<key>lastKnownFileType</key>
			<string>sourcecode.c.objc</string>
			<key>path</key>
			<string>LDTCardTableViewController.m</string>
			<key>sourceTree</key>
			<string>&lt;group&gt;</string>
		</dict>
		<key>423846311697C58600C731C8</key>
		<dict>
			<key>fileRef</key>
			<string>423846301697C58600C731C8</string>
			<key>isa</key>
			<string>PBXBuildFile</string>
		</dict>
		<key>423846321697C58600C731C8</key>
		<dict>
			<key>fileRef</key>
			<string>423846301697C58600C731C8</string>
			<key>isa</key>
			<string>PBXBuildFile</string>
		</dict>
		<key>423846331697C68800C731C8</key>
		<dict>
			<key>fileEncoding</key>
			<string>4</string>
			<key>isa</key>
			<string>PBXFileReference</string>
			<key>lastKnownFileType</key>
			<string>file.xib</string>
			<key>path</key>
			<string>LDTCardTableViewController.xib</string>
			<key>sourceTree</key>
			<string>&lt;group&gt;</string>
		</dict>
		<key>423846341697C68800C731C8</key>
		<dict>
			<key>fileRef</key>
			<string>423846331697C68800C731C8</string>
			<key>isa</key>
			<string>PBXBuildFile</string>
		</dict>
		<key>423846351697C68800C731C8</key>
		<dict>
			<key>fileRef</key>
			<string>423846331697C68800C731C8</string>
			<key>isa</key>
			<string>PBXBuildFile</string>
		</dict>
		<key>423846361697C77300C731C8</key>
		<dict>
			<key>fileEncoding</key>
			<string>4</string>
			<key>isa</key>
			<string>PBXFileReference</string>
			<key>lastKnownFileType</key>
			<string>sourcecode.c.h</string>
			<key>path</key>
			<string>LDTCardDeckViewController.h</string>
			<key>sourceTree</key>
			<string>&lt;group&gt;</string>
		</dict>
		<key>423846371697C77300C731C8</key>
		<dict>
			<key>fileEncoding</key>
			<string>4</string>
			<key>isa</key>
			<string>PBXFileReference</string>
			<key>lastKnownFileType</key>
			<string>sourcecode.c.objc</string>
			<key>path</key>
			<string>LDTCardDeckViewController.m</string>
			<key>sourceTree</key>
			<string>&lt;group&gt;</string>
		</dict>
		<key>423846381697C77300C731C8</key>
		<dict>
			<key>fileEncoding</key>
			<string>4</string>
			<key>isa</key>
			<string>PBXFileReference</string>
			<key>lastKnownFileType</key>
			<string>file.xib</string>
			<key>path</key>
			<string>LDTCardDeckViewController.xib</string>
			<key>sourceTree</key>
			<string>&lt;group&gt;</string>
		</dict>
		<key>423846391697C77300C731C8</key>
		<dict>
			<key>fileRef</key>
			<string>423846371697C77300C731C8</string>
			<key>isa</key>
			<string>PBXBuildFile</string>
		</dict>
		<key>4238463A1697C77300C731C8</key>
		<dict>
			<key>fileRef</key>
			<string>423846371697C77300C731C8</string>
			<key>isa</key>
			<string>PBXBuildFile</string>
		</dict>
		<key>4238463B1697C77300C731C8</key>
		<dict>
			<key>fileRef</key>
			<string>423846381697C77300C731C8</string>
			<key>isa</key>
			<string>PBXBuildFile</string>
		</dict>
		<key>4238463C1697C77300C731C8</key>
		<dict>
			<key>fileRef</key>
			<string>423846381697C77300C731C8</string>
			<key>isa</key>
			<string>PBXBuildFile</string>
		</dict>
	</dict>
	<key>rootObject</key>
	<string>423844FA1697BF3E00C731C8</string>
</dict>
</plist>
